// !$*UTF8*$!
{
	archiveVersion = 1;
	classes = {
	};
	objectVersion = 56;
	objects = {

/* Begin PBXBuildFile section */
		030447B22A48855700966396 /* CustomNavigationBar.swift in Sources */ = {isa = PBXBuildFile; fileRef = 030447B12A48855700966396 /* CustomNavigationBar.swift */; };
		031399972A2623350003427A /* scheduleData.json in Resources */ = {isa = PBXBuildFile; fileRef = 031399962A2623350003427A /* scheduleData.json */; };
		0313999C2A2625670003427A /* Event.swift in Sources */ = {isa = PBXBuildFile; fileRef = 0313999B2A2625670003427A /* Event.swift */; };
		0313999E2A262E130003427A /* ScheduleRow.swift in Sources */ = {isa = PBXBuildFile; fileRef = 0313999D2A262E130003427A /* ScheduleRow.swift */; };
		031399A02A2635380003427A /* ScheduleList.swift in Sources */ = {isa = PBXBuildFile; fileRef = 0313999F2A2635380003427A /* ScheduleList.swift */; };
		031C6BE42A46DC7900332564 /* OmOssView.swift in Sources */ = {isa = PBXBuildFile; fileRef = 031C6BE32A46DC7900332564 /* OmOssView.swift */; };
		031C6BEC2A46EE8800332564 /* KarrieredagenInformationView.swift in Sources */ = {isa = PBXBuildFile; fileRef = 031C6BEB2A46EE8800332564 /* KarrieredagenInformationView.swift */; };
		031C6BF02A47090F00332564 /* GifImage.swift in Sources */ = {isa = PBXBuildFile; fileRef = 031C6BEF2A47090F00332564 /* GifImage.swift */; };
		031CE3B92A4B0FEE005F4428 /* SDWebImageSwiftUI in Frameworks */ = {isa = PBXBuildFile; productRef = 031CE3B82A4B0FEE005F4428 /* SDWebImageSwiftUI */; };
		0337135D2AA9E3E00018CA2E /* HosseinSharifiView.swift in Sources */ = {isa = PBXBuildFile; fileRef = 0337135C2AA9E3E00018CA2E /* HosseinSharifiView.swift */; };
		033D159B2B2A4BF90021B825 /* AppData.swift in Sources */ = {isa = PBXBuildFile; fileRef = 033D159A2B2A4BF90021B825 /* AppData.swift */; };
		035359F22A79A704003AB9B3 /* Person.swift in Sources */ = {isa = PBXBuildFile; fileRef = 035359F12A79A704003AB9B3 /* Person.swift */; };
		0358A3AA2A5AF44D00B68428 /* KarrierestudioView.swift in Sources */ = {isa = PBXBuildFile; fileRef = 0358A3A92A5AF44D00B68428 /* KarrierestudioView.swift */; };
		035BC20A2AAB776D00A9FE10 /* BackgroundSB.swift in Sources */ = {isa = PBXBuildFile; fileRef = 035BC2092AAB776D00A9FE10 /* BackgroundSB.swift */; };
		0361E1532A75630800AC4ABF /* CVTipsView.swift in Sources */ = {isa = PBXBuildFile; fileRef = 0361E1522A75630800AC4ABF /* CVTipsView.swift */; };
		036285642A7ADDD0007E165B /* PersonView.swift in Sources */ = {isa = PBXBuildFile; fileRef = 036285632A7ADDD0007E165B /* PersonView.swift */; };
		036B44F42A6093BB0059EB50 /* DiTView.swift in Sources */ = {isa = PBXBuildFile; fileRef = 036B44F32A6093BB0059EB50 /* DiTView.swift */; };
		037010172A49AADB007388E7 /* HomeView.swift in Sources */ = {isa = PBXBuildFile; fileRef = 037010162A49AADB007388E7 /* HomeView.swift */; };
		03728C1C2A8F7E4500B80581 /* HvaErSpringbrettet.swift in Sources */ = {isa = PBXBuildFile; fileRef = 03728C1B2A8F7E4500B80581 /* HvaErSpringbrettet.swift */; };
		03728C1E2A8FA38B00B80581 /* lederData.json in Resources */ = {isa = PBXBuildFile; fileRef = 03728C1D2A8FA38B00B80581 /* lederData.json */; };
		03728C202A8FA3BE00B80581 /* Leder.swift in Sources */ = {isa = PBXBuildFile; fileRef = 03728C1F2A8FA3BE00B80581 /* Leder.swift */; };
		03728C222A8FA6E300B80581 /* PersonView2.swift in Sources */ = {isa = PBXBuildFile; fileRef = 03728C212A8FA6E300B80581 /* PersonView2.swift */; };
		039341602AFE3C6F00F8D800 /* HomeView2.swift in Sources */ = {isa = PBXBuildFile; fileRef = 0393415F2AFE3C6F00F8D800 /* HomeView2.swift */; };
		0396B06F2A250193008E6CAC /* KarrieredagenApp.swift in Sources */ = {isa = PBXBuildFile; fileRef = 0396B06E2A250193008E6CAC /* KarrieredagenApp.swift */; };
		0396B0712A250193008E6CAC /* ContentView.swift in Sources */ = {isa = PBXBuildFile; fileRef = 0396B0702A250193008E6CAC /* ContentView.swift */; };
		0396B0732A250194008E6CAC /* Assets.xcassets in Resources */ = {isa = PBXBuildFile; fileRef = 0396B0722A250194008E6CAC /* Assets.xcassets */; };
		0396B0762A250194008E6CAC /* Preview Assets.xcassets in Resources */ = {isa = PBXBuildFile; fileRef = 0396B0752A250194008E6CAC /* Preview Assets.xcassets */; };
		0396B07E2A25059D008E6CAC /* companyData.json in Resources */ = {isa = PBXBuildFile; fileRef = 0396B07D2A25059D008E6CAC /* companyData.json */; };
		0396B0802A25D9B8008E6CAC /* SquareImage.swift in Sources */ = {isa = PBXBuildFile; fileRef = 0396B07F2A25D9B8008E6CAC /* SquareImage.swift */; };
		0396B0822A25DAE4008E6CAC /* MapView.swift in Sources */ = {isa = PBXBuildFile; fileRef = 0396B0812A25DAE4008E6CAC /* MapView.swift */; };
		0396B0842A25DE2B008E6CAC /* Company.swift in Sources */ = {isa = PBXBuildFile; fileRef = 0396B0832A25DE2B008E6CAC /* Company.swift */; };
		0396B0862A25E068008E6CAC /* ModelData.swift in Sources */ = {isa = PBXBuildFile; fileRef = 0396B0852A25E068008E6CAC /* ModelData.swift */; };
		0396B08B2A25EA18008E6CAC /* CompanyRow.swift in Sources */ = {isa = PBXBuildFile; fileRef = 0396B08A2A25EA18008E6CAC /* CompanyRow.swift */; };
		0396B08D2A25F024008E6CAC /* CompanyList.swift in Sources */ = {isa = PBXBuildFile; fileRef = 0396B08C2A25F024008E6CAC /* CompanyList.swift */; };
		0396B08F2A25F136008E6CAC /* CompanyDetail.swift in Sources */ = {isa = PBXBuildFile; fileRef = 0396B08E2A25F136008E6CAC /* CompanyDetail.swift */; };
		039EB7FB2A8F6D34005EE9E5 /* HRCVView.swift in Sources */ = {isa = PBXBuildFile; fileRef = 039EB7FA2A8F6D34005EE9E5 /* HRCVView.swift */; };
		03A976942ABAFF4E001A822C /* SponsorView.swift in Sources */ = {isa = PBXBuildFile; fileRef = 03A976932ABAFF4E001A822C /* SponsorView.swift */; };
		03A976962ABB092E001A822C /* WelcomeSheet.swift in Sources */ = {isa = PBXBuildFile; fileRef = 03A976952ABB092E001A822C /* WelcomeSheet.swift */; };
		03C6425C2A8A3D2B001FF571 /* FavoriteButton.swift in Sources */ = {isa = PBXBuildFile; fileRef = 03C6425B2A8A3D2B001FF571 /* FavoriteButton.swift */; };
		03C642612A8B7EC4001FF571 /* GrieghallenView.swift in Sources */ = {isa = PBXBuildFile; fileRef = 03C642602A8B7EC4001FF571 /* GrieghallenView.swift */; };
		03D5C9452A82A9DC007D5508 /* Studenter.swift in Sources */ = {isa = PBXBuildFile; fileRef = 03D5C9442A82A9DC007D5508 /* Studenter.swift */; };
		03D995222A75393E00B8F6A8 /* KDaftermovie_cropped.gif in Resources */ = {isa = PBXBuildFile; fileRef = 03D995212A75393E00B8F6A8 /* KDaftermovie_cropped.gif */; };
		03E29EEB2B224C8200753FAA /* VorsjContentView.swift in Sources */ = {isa = PBXBuildFile; fileRef = 03E29EEA2B224C8200753FAA /* VorsjContentView.swift */; };
		03E29EED2B224CC800753FAA /* VorsjWelcomeSheet.swift in Sources */ = {isa = PBXBuildFile; fileRef = 03E29EEC2B224CC800753FAA /* VorsjWelcomeSheet.swift */; };
		03E29EEF2B224D5200753FAA /* UtenDrikkeView.swift in Sources */ = {isa = PBXBuildFile; fileRef = 03E29EEE2B224D5200753FAA /* UtenDrikkeView.swift */; };
		03E29EF12B224D7400753FAA /* MedDrikkeView.swift in Sources */ = {isa = PBXBuildFile; fileRef = 03E29EF02B224D7400753FAA /* MedDrikkeView.swift */; };
		03E29EF52B224DB100753FAA /* HundredQuestionsListView.swift in Sources */ = {isa = PBXBuildFile; fileRef = 03E29EF42B224DB100753FAA /* HundredQuestionsListView.swift */; };
		03E29EF72B224DDB00753FAA /* HundredView.swift in Sources */ = {isa = PBXBuildFile; fileRef = 03E29EF62B224DDB00753FAA /* HundredView.swift */; };
		03E29EF92B224DEE00753FAA /* HeaderView.swift in Sources */ = {isa = PBXBuildFile; fileRef = 03E29EF82B224DEE00753FAA /* HeaderView.swift */; };
		03E29EFB2B224E4500753FAA /* QuestionCardView.swift in Sources */ = {isa = PBXBuildFile; fileRef = 03E29EFA2B224E4500753FAA /* QuestionCardView.swift */; };
		03E29EFE2B224E6C00753FAA /* ComposeArea.swift in Sources */ = {isa = PBXBuildFile; fileRef = 03E29EFD2B224E6C00753FAA /* ComposeArea.swift */; };
		03E29F002B224E8100753FAA /* ChatsTabBarView.swift in Sources */ = {isa = PBXBuildFile; fileRef = 03E29EFF2B224E8100753FAA /* ChatsTabBarView.swift */; };
		03E29F042B224E9E00753FAA /* MessageBubble.swift in Sources */ = {isa = PBXBuildFile; fileRef = 03E29F032B224E9E00753FAA /* MessageBubble.swift */; };
		03E29F112B224ED700753FAA /* 5050.json in Resources */ = {isa = PBXBuildFile; fileRef = 03E29F062B224ED600753FAA /* 5050.json */; };
		03E29F122B224ED700753FAA /* Volume4.json in Resources */ = {isa = PBXBuildFile; fileRef = 03E29F072B224ED600753FAA /* Volume4.json */; };
		03E29F132B224ED700753FAA /* Volume2.json in Resources */ = {isa = PBXBuildFile; fileRef = 03E29F082B224ED600753FAA /* Volume2.json */; };
		03E29F142B224ED700753FAA /* Volume5BI.json in Resources */ = {isa = PBXBuildFile; fileRef = 03E29F092B224ED600753FAA /* Volume5BI.json */; };
		03E29F162B224ED700753FAA /* Kompliment.json in Resources */ = {isa = PBXBuildFile; fileRef = 03E29F0B2B224ED700753FAA /* Kompliment.json */; };
		03E29F172B224ED700753FAA /* Volume3.json in Resources */ = {isa = PBXBuildFile; fileRef = 03E29F0C2B224ED700753FAA /* Volume3.json */; };
		03E29F192B224ED700753FAA /* Volume7.json in Resources */ = {isa = PBXBuildFile; fileRef = 03E29F0E2B224ED700753FAA /* Volume7.json */; };
		03E29F1A2B224ED700753FAA /* Volume1.json in Resources */ = {isa = PBXBuildFile; fileRef = 03E29F0F2B224ED700753FAA /* Volume1.json */; };
		03E29F1B2B224ED700753FAA /* Volume41.json in Resources */ = {isa = PBXBuildFile; fileRef = 03E29F102B224ED700753FAA /* Volume41.json */; };
		03E29F1E2B224EE000753FAA /* Volume6.json in Resources */ = {isa = PBXBuildFile; fileRef = 03E29F1C2B224EE000753FAA /* Volume6.json */; };
		03E29F1F2B224EE000753FAA /* Parleken.json in Resources */ = {isa = PBXBuildFile; fileRef = 03E29F1D2B224EE000753FAA /* Parleken.json */; };
		03E29F222B224F3B00753FAA /* QuizListView.swift in Sources */ = {isa = PBXBuildFile; fileRef = 03E29F212B224F3B00753FAA /* QuizListView.swift */; };
		03E29F242B224F4500753FAA /* QuizView.swift in Sources */ = {isa = PBXBuildFile; fileRef = 03E29F232B224F4500753FAA /* QuizView.swift */; };
		03E29F2A2B224F7C00753FAA /* Level4.json in Resources */ = {isa = PBXBuildFile; fileRef = 03E29F262B224F7C00753FAA /* Level4.json */; };
		03E29F2B2B224F7C00753FAA /* Level2.json in Resources */ = {isa = PBXBuildFile; fileRef = 03E29F272B224F7C00753FAA /* Level2.json */; };
		03E29F2C2B224F7C00753FAA /* Level1.json in Resources */ = {isa = PBXBuildFile; fileRef = 03E29F282B224F7C00753FAA /* Level1.json */; };
		03E29F2D2B224F7C00753FAA /* Level3.json in Resources */ = {isa = PBXBuildFile; fileRef = 03E29F292B224F7C00753FAA /* Level3.json */; };
		03E29F302B22505700753FAA /* ChuggEllerSannhetListView.swift in Sources */ = {isa = PBXBuildFile; fileRef = 03E29F2F2B22505700753FAA /* ChuggEllerSannhetListView.swift */; };
		03E29F322B22506500753FAA /* ChuggEllerSannhetVolume.swift in Sources */ = {isa = PBXBuildFile; fileRef = 03E29F312B22506500753FAA /* ChuggEllerSannhetVolume.swift */; };
		03E29F342B22507100753FAA /* ChuggEllerSannhetVolume2.swift in Sources */ = {isa = PBXBuildFile; fileRef = 03E29F332B22507100753FAA /* ChuggEllerSannhetVolume2.swift */; };
		03E29F362B22507E00753FAA /* ChuggEllerSannhetVolume3.swift in Sources */ = {isa = PBXBuildFile; fileRef = 03E29F352B22507E00753FAA /* ChuggEllerSannhetVolume3.swift */; };
		03E29F382B22508E00753FAA /* CustomToggleStyle.swift in Sources */ = {isa = PBXBuildFile; fileRef = 03E29F372B22508E00753FAA /* CustomToggleStyle.swift */; };
		03E29F3D2B2250BD00753FAA /* ChuggEllerSannhetVolume2.json in Resources */ = {isa = PBXBuildFile; fileRef = 03E29F3A2B2250BD00753FAA /* ChuggEllerSannhetVolume2.json */; };
		03E29F3E2B2250BD00753FAA /* ChuggEllerSannhetVolume1.json in Resources */ = {isa = PBXBuildFile; fileRef = 03E29F3B2B2250BD00753FAA /* ChuggEllerSannhetVolume1.json */; };
		03E29F3F2B2250BD00753FAA /* ChuggEllerSannhetVolume3.json in Resources */ = {isa = PBXBuildFile; fileRef = 03E29F3C2B2250BD00753FAA /* ChuggEllerSannhetVolume3.json */; };
		03E29F422B22513200753FAA /* KaraokeListView.swift in Sources */ = {isa = PBXBuildFile; fileRef = 03E29F412B22513200753FAA /* KaraokeListView.swift */; };
		03E29F442B22514000753FAA /* KaraokeView.swift in Sources */ = {isa = PBXBuildFile; fileRef = 03E29F432B22514000753FAA /* KaraokeView.swift */; };
		03E29F462B22515100753FAA /* Spotify.swift in Sources */ = {isa = PBXBuildFile; fileRef = 03E29F452B22515100753FAA /* Spotify.swift */; };
		03E29F562B22517700753FAA /* cornfieldchase.json in Resources */ = {isa = PBXBuildFile; fileRef = 03E29F482B22517600753FAA /* cornfieldchase.json */; };
		03E29F572B22517700753FAA /* takeonme.json in Resources */ = {isa = PBXBuildFile; fileRef = 03E29F492B22517600753FAA /* takeonme.json */; };
		03E29F582B22517700753FAA /* layallyourloveonme.json in Resources */ = {isa = PBXBuildFile; fileRef = 03E29F4A2B22517600753FAA /* layallyourloveonme.json */; };
		03E29F592B22517700753FAA /* livinonaprayer.json in Resources */ = {isa = PBXBuildFile; fileRef = 03E29F4B2B22517600753FAA /* livinonaprayer.json */; };
		03E29F5A2B22517700753FAA /* sexonfire.json in Resources */ = {isa = PBXBuildFile; fileRef = 03E29F4C2B22517600753FAA /* sexonfire.json */; };
		03E29F5B2B22517700753FAA /* bestsongever.json in Resources */ = {isa = PBXBuildFile; fileRef = 03E29F4D2B22517600753FAA /* bestsongever.json */; };
		03E29F5C2B22517700753FAA /* vivalavida.json in Resources */ = {isa = PBXBuildFile; fileRef = 03E29F4E2B22517600753FAA /* vivalavida.json */; };
		03E29F5D2B22517700753FAA /* newwayhome.json in Resources */ = {isa = PBXBuildFile; fileRef = 03E29F4F2B22517600753FAA /* newwayhome.json */; };
		03E29F5E2B22517700753FAA /* rosahelikopter.json in Resources */ = {isa = PBXBuildFile; fileRef = 03E29F502B22517600753FAA /* rosahelikopter.json */; };
		03E29F5F2B22517700753FAA /* fairytale.json in Resources */ = {isa = PBXBuildFile; fileRef = 03E29F512B22517600753FAA /* fairytale.json */; };
		03E29F602B22517700753FAA /* dancingqueen.json in Resources */ = {isa = PBXBuildFile; fileRef = 03E29F522B22517600753FAA /* dancingqueen.json */; };
		03E29F612B22517700753FAA /* foreveralone.json in Resources */ = {isa = PBXBuildFile; fileRef = 03E29F532B22517700753FAA /* foreveralone.json */; };
		03E29F622B22517700753FAA /* iwantitthatway.json in Resources */ = {isa = PBXBuildFile; fileRef = 03E29F542B22517700753FAA /* iwantitthatway.json */; };
		03E29F632B22517700753FAA /* sorry.json in Resources */ = {isa = PBXBuildFile; fileRef = 03E29F552B22517700753FAA /* sorry.json */; };
		03E29F662B2251A000753FAA /* ModelDataVS.swift in Sources */ = {isa = PBXBuildFile; fileRef = 03E29F652B2251A000753FAA /* ModelDataVS.swift */; };
		03E29F682B2251B100753FAA /* Question.swift in Sources */ = {isa = PBXBuildFile; fileRef = 03E29F672B2251B100753FAA /* Question.swift */; };
		03E29F6A2B2251B900753FAA /* QuizQuestion.swift in Sources */ = {isa = PBXBuildFile; fileRef = 03E29F692B2251B900753FAA /* QuizQuestion.swift */; };
		03E29F6C2B2251C200753FAA /* Song.swift in Sources */ = {isa = PBXBuildFile; fileRef = 03E29F6B2B2251C200753FAA /* Song.swift */; };
		03E29F7A2B22531400753FAA /* JegHarAldriVolume2.json in Resources */ = {isa = PBXBuildFile; fileRef = 03E29F722B22531300753FAA /* JegHarAldriVolume2.json */; };
		03E29F7B2B22531400753FAA /* JegHarAldriVolume4.json in Resources */ = {isa = PBXBuildFile; fileRef = 03E29F732B22531400753FAA /* JegHarAldriVolume4.json */; };
		03E29F7C2B22531400753FAA /* JegHarAldriS3XEdition.json in Resources */ = {isa = PBXBuildFile; fileRef = 03E29F742B22531400753FAA /* JegHarAldriS3XEdition.json */; };
		03E29F7D2B22531400753FAA /* JegHarAldriVolume3.json in Resources */ = {isa = PBXBuildFile; fileRef = 03E29F752B22531400753FAA /* JegHarAldriVolume3.json */; };
		03E29F7E2B22531400753FAA /* JegHarAldriListView.swift in Sources */ = {isa = PBXBuildFile; fileRef = 03E29F762B22531400753FAA /* JegHarAldriListView.swift */; };
		03E29F7F2B22531400753FAA /* JegHarAldriVolume5.json in Resources */ = {isa = PBXBuildFile; fileRef = 03E29F772B22531400753FAA /* JegHarAldriVolume5.json */; };
		03E29F802B22531400753FAA /* JegHarAldriVolume1.json in Resources */ = {isa = PBXBuildFile; fileRef = 03E29F782B22531400753FAA /* JegHarAldriVolume1.json */; };
		03E29F812B22531400753FAA /* JegHarAldri.swift in Sources */ = {isa = PBXBuildFile; fileRef = 03E29F792B22531400753FAA /* JegHarAldri.swift */; };
		03E29F842B22539E00753FAA /* StartNachet.swift in Sources */ = {isa = PBXBuildFile; fileRef = 03E29F832B22539E00753FAA /* StartNachet.swift */; };
		03E29F862B2253B000753FAA /* startnachet.json in Resources */ = {isa = PBXBuildFile; fileRef = 03E29F852B2253B000753FAA /* startnachet.json */; };
		03E44CB32A76D16A00A57B1E /* CVITView.swift in Sources */ = {isa = PBXBuildFile; fileRef = 03E44CB22A76D16A00A57B1E /* CVITView.swift */; };
		03E44CB52A76D33600A57B1E /* CVEconomicsView.swift in Sources */ = {isa = PBXBuildFile; fileRef = 03E44CB42A76D33600A57B1E /* CVEconomicsView.swift */; };
		03E44CB72A76F87100A57B1E /* CVJussView.swift in Sources */ = {isa = PBXBuildFile; fileRef = 03E44CB62A76F87100A57B1E /* CVJussView.swift */; };
		03E47FEE2A558F4C005BCDAA /* SpringbrettfondetView.swift in Sources */ = {isa = PBXBuildFile; fileRef = 03E47FED2A558F4C005BCDAA /* SpringbrettfondetView.swift */; };
		03ECA4592A29C23A007E0829 /* EventDetailView.swift in Sources */ = {isa = PBXBuildFile; fileRef = 03ECA4582A29C23A007E0829 /* EventDetailView.swift */; };
		03EFFE142A7AD3CC005B223C /* springbrettereData.json in Resources */ = {isa = PBXBuildFile; fileRef = 03EFFE132A7AD3CC005B223C /* springbrettereData.json */; };
/* End PBXBuildFile section */

/* Begin PBXFileReference section */
		030447B12A48855700966396 /* CustomNavigationBar.swift */ = {isa = PBXFileReference; lastKnownFileType = sourcecode.swift; path = CustomNavigationBar.swift; sourceTree = "<group>"; };
		031399962A2623350003427A /* scheduleData.json */ = {isa = PBXFileReference; lastKnownFileType = text.json; path = scheduleData.json; sourceTree = "<group>"; };
		0313999B2A2625670003427A /* Event.swift */ = {isa = PBXFileReference; lastKnownFileType = sourcecode.swift; path = Event.swift; sourceTree = "<group>"; };
		0313999D2A262E130003427A /* ScheduleRow.swift */ = {isa = PBXFileReference; lastKnownFileType = sourcecode.swift; path = ScheduleRow.swift; sourceTree = "<group>"; };
		0313999F2A2635380003427A /* ScheduleList.swift */ = {isa = PBXFileReference; lastKnownFileType = sourcecode.swift; path = ScheduleList.swift; sourceTree = "<group>"; };
		031C6BE32A46DC7900332564 /* OmOssView.swift */ = {isa = PBXFileReference; lastKnownFileType = sourcecode.swift; path = OmOssView.swift; sourceTree = "<group>"; };
		031C6BEB2A46EE8800332564 /* KarrieredagenInformationView.swift */ = {isa = PBXFileReference; lastKnownFileType = sourcecode.swift; path = KarrieredagenInformationView.swift; sourceTree = "<group>"; };
		031C6BEF2A47090F00332564 /* GifImage.swift */ = {isa = PBXFileReference; lastKnownFileType = sourcecode.swift; path = GifImage.swift; sourceTree = "<group>"; };
		0337135C2AA9E3E00018CA2E /* HosseinSharifiView.swift */ = {isa = PBXFileReference; lastKnownFileType = sourcecode.swift; path = HosseinSharifiView.swift; sourceTree = "<group>"; };
		033D159A2B2A4BF90021B825 /* AppData.swift */ = {isa = PBXFileReference; lastKnownFileType = sourcecode.swift; path = AppData.swift; sourceTree = "<group>"; };
		0345B2732A29D15B00110EC4 /* Info.plist */ = {isa = PBXFileReference; fileEncoding = 4; lastKnownFileType = text.plist.xml; path = Info.plist; sourceTree = "<group>"; };
		035359F12A79A704003AB9B3 /* Person.swift */ = {isa = PBXFileReference; lastKnownFileType = sourcecode.swift; path = Person.swift; sourceTree = "<group>"; };
		0358A3A92A5AF44D00B68428 /* KarrierestudioView.swift */ = {isa = PBXFileReference; lastKnownFileType = sourcecode.swift; path = KarrierestudioView.swift; sourceTree = "<group>"; };
		035BC2092AAB776D00A9FE10 /* BackgroundSB.swift */ = {isa = PBXFileReference; lastKnownFileType = sourcecode.swift; path = BackgroundSB.swift; sourceTree = "<group>"; };
		0361E1522A75630800AC4ABF /* CVTipsView.swift */ = {isa = PBXFileReference; lastKnownFileType = sourcecode.swift; path = CVTipsView.swift; sourceTree = "<group>"; };
		036285632A7ADDD0007E165B /* PersonView.swift */ = {isa = PBXFileReference; lastKnownFileType = sourcecode.swift; path = PersonView.swift; sourceTree = "<group>"; };
		036B44F32A6093BB0059EB50 /* DiTView.swift */ = {isa = PBXFileReference; lastKnownFileType = sourcecode.swift; path = DiTView.swift; sourceTree = "<group>"; };
		037010162A49AADB007388E7 /* HomeView.swift */ = {isa = PBXFileReference; lastKnownFileType = sourcecode.swift; path = HomeView.swift; sourceTree = "<group>"; };
		03728C1B2A8F7E4500B80581 /* HvaErSpringbrettet.swift */ = {isa = PBXFileReference; lastKnownFileType = sourcecode.swift; path = HvaErSpringbrettet.swift; sourceTree = "<group>"; };
		03728C1D2A8FA38B00B80581 /* lederData.json */ = {isa = PBXFileReference; fileEncoding = 4; lastKnownFileType = text.json; path = lederData.json; sourceTree = "<group>"; };
		03728C1F2A8FA3BE00B80581 /* Leder.swift */ = {isa = PBXFileReference; lastKnownFileType = sourcecode.swift; path = Leder.swift; sourceTree = "<group>"; };
		03728C212A8FA6E300B80581 /* PersonView2.swift */ = {isa = PBXFileReference; lastKnownFileType = sourcecode.swift; path = PersonView2.swift; sourceTree = "<group>"; };
		0393415F2AFE3C6F00F8D800 /* HomeView2.swift */ = {isa = PBXFileReference; lastKnownFileType = sourcecode.swift; path = HomeView2.swift; sourceTree = "<group>"; };
		0396B06B2A250193008E6CAC /* Springbrettet.app */ = {isa = PBXFileReference; explicitFileType = wrapper.application; includeInIndex = 0; path = Springbrettet.app; sourceTree = BUILT_PRODUCTS_DIR; };
		0396B06E2A250193008E6CAC /* KarrieredagenApp.swift */ = {isa = PBXFileReference; lastKnownFileType = sourcecode.swift; path = KarrieredagenApp.swift; sourceTree = "<group>"; };
		0396B0702A250193008E6CAC /* ContentView.swift */ = {isa = PBXFileReference; lastKnownFileType = sourcecode.swift; path = ContentView.swift; sourceTree = "<group>"; };
		0396B0722A250194008E6CAC /* Assets.xcassets */ = {isa = PBXFileReference; lastKnownFileType = folder.assetcatalog; path = Assets.xcassets; sourceTree = "<group>"; };
		0396B0752A250194008E6CAC /* Preview Assets.xcassets */ = {isa = PBXFileReference; lastKnownFileType = folder.assetcatalog; path = "Preview Assets.xcassets"; sourceTree = "<group>"; };
		0396B07D2A25059D008E6CAC /* companyData.json */ = {isa = PBXFileReference; fileEncoding = 4; lastKnownFileType = text.json; path = companyData.json; sourceTree = "<group>"; };
		0396B07F2A25D9B8008E6CAC /* SquareImage.swift */ = {isa = PBXFileReference; lastKnownFileType = sourcecode.swift; path = SquareImage.swift; sourceTree = "<group>"; };
		0396B0812A25DAE4008E6CAC /* MapView.swift */ = {isa = PBXFileReference; lastKnownFileType = sourcecode.swift; path = MapView.swift; sourceTree = "<group>"; };
		0396B0832A25DE2B008E6CAC /* Company.swift */ = {isa = PBXFileReference; lastKnownFileType = sourcecode.swift; path = Company.swift; sourceTree = "<group>"; };
		0396B0852A25E068008E6CAC /* ModelData.swift */ = {isa = PBXFileReference; lastKnownFileType = sourcecode.swift; path = ModelData.swift; sourceTree = "<group>"; };
		0396B08A2A25EA18008E6CAC /* CompanyRow.swift */ = {isa = PBXFileReference; lastKnownFileType = sourcecode.swift; path = CompanyRow.swift; sourceTree = "<group>"; };
		0396B08C2A25F024008E6CAC /* CompanyList.swift */ = {isa = PBXFileReference; lastKnownFileType = sourcecode.swift; path = CompanyList.swift; sourceTree = "<group>"; };
		0396B08E2A25F136008E6CAC /* CompanyDetail.swift */ = {isa = PBXFileReference; lastKnownFileType = sourcecode.swift; path = CompanyDetail.swift; sourceTree = "<group>"; };
		039EB7FA2A8F6D34005EE9E5 /* HRCVView.swift */ = {isa = PBXFileReference; lastKnownFileType = sourcecode.swift; path = HRCVView.swift; sourceTree = "<group>"; };
		03A976932ABAFF4E001A822C /* SponsorView.swift */ = {isa = PBXFileReference; lastKnownFileType = sourcecode.swift; path = SponsorView.swift; sourceTree = "<group>"; };
		03A976952ABB092E001A822C /* WelcomeSheet.swift */ = {isa = PBXFileReference; lastKnownFileType = sourcecode.swift; path = WelcomeSheet.swift; sourceTree = "<group>"; };
		03C6425B2A8A3D2B001FF571 /* FavoriteButton.swift */ = {isa = PBXFileReference; lastKnownFileType = sourcecode.swift; path = FavoriteButton.swift; sourceTree = "<group>"; };
		03C642602A8B7EC4001FF571 /* GrieghallenView.swift */ = {isa = PBXFileReference; lastKnownFileType = sourcecode.swift; path = GrieghallenView.swift; sourceTree = "<group>"; };
		03D5C9442A82A9DC007D5508 /* Studenter.swift */ = {isa = PBXFileReference; lastKnownFileType = sourcecode.swift; path = Studenter.swift; sourceTree = "<group>"; };
		03D995212A75393E00B8F6A8 /* KDaftermovie_cropped.gif */ = {isa = PBXFileReference; lastKnownFileType = image.gif; path = KDaftermovie_cropped.gif; sourceTree = "<group>"; };
		03E29EEA2B224C8200753FAA /* VorsjContentView.swift */ = {isa = PBXFileReference; lastKnownFileType = sourcecode.swift; path = VorsjContentView.swift; sourceTree = "<group>"; };
		03E29EEC2B224CC800753FAA /* VorsjWelcomeSheet.swift */ = {isa = PBXFileReference; lastKnownFileType = sourcecode.swift; path = VorsjWelcomeSheet.swift; sourceTree = "<group>"; };
		03E29EEE2B224D5200753FAA /* UtenDrikkeView.swift */ = {isa = PBXFileReference; lastKnownFileType = sourcecode.swift; path = UtenDrikkeView.swift; sourceTree = "<group>"; };
		03E29EF02B224D7400753FAA /* MedDrikkeView.swift */ = {isa = PBXFileReference; lastKnownFileType = sourcecode.swift; path = MedDrikkeView.swift; sourceTree = "<group>"; };
		03E29EF42B224DB100753FAA /* HundredQuestionsListView.swift */ = {isa = PBXFileReference; lastKnownFileType = sourcecode.swift; path = HundredQuestionsListView.swift; sourceTree = "<group>"; };
		03E29EF62B224DDB00753FAA /* HundredView.swift */ = {isa = PBXFileReference; lastKnownFileType = sourcecode.swift; path = HundredView.swift; sourceTree = "<group>"; };
		03E29EF82B224DEE00753FAA /* HeaderView.swift */ = {isa = PBXFileReference; lastKnownFileType = sourcecode.swift; path = HeaderView.swift; sourceTree = "<group>"; };
		03E29EFA2B224E4500753FAA /* QuestionCardView.swift */ = {isa = PBXFileReference; lastKnownFileType = sourcecode.swift; path = QuestionCardView.swift; sourceTree = "<group>"; };
		03E29EFD2B224E6C00753FAA /* ComposeArea.swift */ = {isa = PBXFileReference; lastKnownFileType = sourcecode.swift; path = ComposeArea.swift; sourceTree = "<group>"; };
		03E29EFF2B224E8100753FAA /* ChatsTabBarView.swift */ = {isa = PBXFileReference; lastKnownFileType = sourcecode.swift; path = ChatsTabBarView.swift; sourceTree = "<group>"; };
		03E29F032B224E9E00753FAA /* MessageBubble.swift */ = {isa = PBXFileReference; lastKnownFileType = sourcecode.swift; path = MessageBubble.swift; sourceTree = "<group>"; };
		03E29F062B224ED600753FAA /* 5050.json */ = {isa = PBXFileReference; fileEncoding = 4; lastKnownFileType = text.json; path = 5050.json; sourceTree = "<group>"; };
		03E29F072B224ED600753FAA /* Volume4.json */ = {isa = PBXFileReference; fileEncoding = 4; lastKnownFileType = text.json; path = Volume4.json; sourceTree = "<group>"; };
		03E29F082B224ED600753FAA /* Volume2.json */ = {isa = PBXFileReference; fileEncoding = 4; lastKnownFileType = text.json; path = Volume2.json; sourceTree = "<group>"; };
		03E29F092B224ED600753FAA /* Volume5BI.json */ = {isa = PBXFileReference; fileEncoding = 4; lastKnownFileType = text.json; path = Volume5BI.json; sourceTree = "<group>"; };
		03E29F0B2B224ED700753FAA /* Kompliment.json */ = {isa = PBXFileReference; fileEncoding = 4; lastKnownFileType = text.json; path = Kompliment.json; sourceTree = "<group>"; };
		03E29F0C2B224ED700753FAA /* Volume3.json */ = {isa = PBXFileReference; fileEncoding = 4; lastKnownFileType = text.json; path = Volume3.json; sourceTree = "<group>"; };
		03E29F0E2B224ED700753FAA /* Volume7.json */ = {isa = PBXFileReference; fileEncoding = 4; lastKnownFileType = text.json; path = Volume7.json; sourceTree = "<group>"; };
		03E29F0F2B224ED700753FAA /* Volume1.json */ = {isa = PBXFileReference; fileEncoding = 4; lastKnownFileType = text.json; path = Volume1.json; sourceTree = "<group>"; };
		03E29F102B224ED700753FAA /* Volume41.json */ = {isa = PBXFileReference; fileEncoding = 4; lastKnownFileType = text.json; path = Volume41.json; sourceTree = "<group>"; };
		03E29F1C2B224EE000753FAA /* Volume6.json */ = {isa = PBXFileReference; fileEncoding = 4; lastKnownFileType = text.json; name = Volume6.json; path = "../../../../../Vorsj/Vorsj/100Spørsmål/100Spørsmål JSON/Volume6.json"; sourceTree = "<group>"; };
		03E29F1D2B224EE000753FAA /* Parleken.json */ = {isa = PBXFileReference; fileEncoding = 4; lastKnownFileType = text.json; name = Parleken.json; path = "../../../../../Vorsj/Vorsj/100Spørsmål/100Spørsmål JSON/Parleken.json"; sourceTree = "<group>"; };
		03E29F212B224F3B00753FAA /* QuizListView.swift */ = {isa = PBXFileReference; lastKnownFileType = sourcecode.swift; path = QuizListView.swift; sourceTree = "<group>"; };
		03E29F232B224F4500753FAA /* QuizView.swift */ = {isa = PBXFileReference; lastKnownFileType = sourcecode.swift; path = QuizView.swift; sourceTree = "<group>"; };
		03E29F262B224F7C00753FAA /* Level4.json */ = {isa = PBXFileReference; fileEncoding = 4; lastKnownFileType = text.json; path = Level4.json; sourceTree = "<group>"; };
		03E29F272B224F7C00753FAA /* Level2.json */ = {isa = PBXFileReference; fileEncoding = 4; lastKnownFileType = text.json; path = Level2.json; sourceTree = "<group>"; };
		03E29F282B224F7C00753FAA /* Level1.json */ = {isa = PBXFileReference; fileEncoding = 4; lastKnownFileType = text.json; path = Level1.json; sourceTree = "<group>"; };
		03E29F292B224F7C00753FAA /* Level3.json */ = {isa = PBXFileReference; fileEncoding = 4; lastKnownFileType = text.json; path = Level3.json; sourceTree = "<group>"; };
		03E29F2F2B22505700753FAA /* ChuggEllerSannhetListView.swift */ = {isa = PBXFileReference; lastKnownFileType = sourcecode.swift; path = ChuggEllerSannhetListView.swift; sourceTree = "<group>"; };
		03E29F312B22506500753FAA /* ChuggEllerSannhetVolume.swift */ = {isa = PBXFileReference; lastKnownFileType = sourcecode.swift; path = ChuggEllerSannhetVolume.swift; sourceTree = "<group>"; };
		03E29F332B22507100753FAA /* ChuggEllerSannhetVolume2.swift */ = {isa = PBXFileReference; lastKnownFileType = sourcecode.swift; path = ChuggEllerSannhetVolume2.swift; sourceTree = "<group>"; };
		03E29F352B22507E00753FAA /* ChuggEllerSannhetVolume3.swift */ = {isa = PBXFileReference; lastKnownFileType = sourcecode.swift; path = ChuggEllerSannhetVolume3.swift; sourceTree = "<group>"; };
		03E29F372B22508E00753FAA /* CustomToggleStyle.swift */ = {isa = PBXFileReference; lastKnownFileType = sourcecode.swift; path = CustomToggleStyle.swift; sourceTree = "<group>"; };
		03E29F3A2B2250BD00753FAA /* ChuggEllerSannhetVolume2.json */ = {isa = PBXFileReference; fileEncoding = 4; lastKnownFileType = text.json; path = ChuggEllerSannhetVolume2.json; sourceTree = "<group>"; };
		03E29F3B2B2250BD00753FAA /* ChuggEllerSannhetVolume1.json */ = {isa = PBXFileReference; fileEncoding = 4; lastKnownFileType = text.json; path = ChuggEllerSannhetVolume1.json; sourceTree = "<group>"; };
		03E29F3C2B2250BD00753FAA /* ChuggEllerSannhetVolume3.json */ = {isa = PBXFileReference; fileEncoding = 4; lastKnownFileType = text.json; path = ChuggEllerSannhetVolume3.json; sourceTree = "<group>"; };
		03E29F412B22513200753FAA /* KaraokeListView.swift */ = {isa = PBXFileReference; lastKnownFileType = sourcecode.swift; path = KaraokeListView.swift; sourceTree = "<group>"; };
		03E29F432B22514000753FAA /* KaraokeView.swift */ = {isa = PBXFileReference; lastKnownFileType = sourcecode.swift; path = KaraokeView.swift; sourceTree = "<group>"; };
		03E29F452B22515100753FAA /* Spotify.swift */ = {isa = PBXFileReference; lastKnownFileType = sourcecode.swift; path = Spotify.swift; sourceTree = "<group>"; };
		03E29F482B22517600753FAA /* cornfieldchase.json */ = {isa = PBXFileReference; fileEncoding = 4; lastKnownFileType = text.json; path = cornfieldchase.json; sourceTree = "<group>"; };
		03E29F492B22517600753FAA /* takeonme.json */ = {isa = PBXFileReference; fileEncoding = 4; lastKnownFileType = text.json; path = takeonme.json; sourceTree = "<group>"; };
		03E29F4A2B22517600753FAA /* layallyourloveonme.json */ = {isa = PBXFileReference; fileEncoding = 4; lastKnownFileType = text.json; path = layallyourloveonme.json; sourceTree = "<group>"; };
		03E29F4B2B22517600753FAA /* livinonaprayer.json */ = {isa = PBXFileReference; fileEncoding = 4; lastKnownFileType = text.json; path = livinonaprayer.json; sourceTree = "<group>"; };
		03E29F4C2B22517600753FAA /* sexonfire.json */ = {isa = PBXFileReference; fileEncoding = 4; lastKnownFileType = text.json; path = sexonfire.json; sourceTree = "<group>"; };
		03E29F4D2B22517600753FAA /* bestsongever.json */ = {isa = PBXFileReference; fileEncoding = 4; lastKnownFileType = text.json; path = bestsongever.json; sourceTree = "<group>"; };
		03E29F4E2B22517600753FAA /* vivalavida.json */ = {isa = PBXFileReference; fileEncoding = 4; lastKnownFileType = text.json; path = vivalavida.json; sourceTree = "<group>"; };
		03E29F4F2B22517600753FAA /* newwayhome.json */ = {isa = PBXFileReference; fileEncoding = 4; lastKnownFileType = text.json; path = newwayhome.json; sourceTree = "<group>"; };
		03E29F502B22517600753FAA /* rosahelikopter.json */ = {isa = PBXFileReference; fileEncoding = 4; lastKnownFileType = text.json; path = rosahelikopter.json; sourceTree = "<group>"; };
		03E29F512B22517600753FAA /* fairytale.json */ = {isa = PBXFileReference; fileEncoding = 4; lastKnownFileType = text.json; path = fairytale.json; sourceTree = "<group>"; };
		03E29F522B22517600753FAA /* dancingqueen.json */ = {isa = PBXFileReference; fileEncoding = 4; lastKnownFileType = text.json; path = dancingqueen.json; sourceTree = "<group>"; };
		03E29F532B22517700753FAA /* foreveralone.json */ = {isa = PBXFileReference; fileEncoding = 4; lastKnownFileType = text.json; path = foreveralone.json; sourceTree = "<group>"; };
		03E29F542B22517700753FAA /* iwantitthatway.json */ = {isa = PBXFileReference; fileEncoding = 4; lastKnownFileType = text.json; path = iwantitthatway.json; sourceTree = "<group>"; };
		03E29F552B22517700753FAA /* sorry.json */ = {isa = PBXFileReference; fileEncoding = 4; lastKnownFileType = text.json; path = sorry.json; sourceTree = "<group>"; };
		03E29F652B2251A000753FAA /* ModelDataVS.swift */ = {isa = PBXFileReference; lastKnownFileType = sourcecode.swift; path = ModelDataVS.swift; sourceTree = "<group>"; };
		03E29F672B2251B100753FAA /* Question.swift */ = {isa = PBXFileReference; lastKnownFileType = sourcecode.swift; path = Question.swift; sourceTree = "<group>"; };
		03E29F692B2251B900753FAA /* QuizQuestion.swift */ = {isa = PBXFileReference; lastKnownFileType = sourcecode.swift; path = QuizQuestion.swift; sourceTree = "<group>"; };
		03E29F6B2B2251C200753FAA /* Song.swift */ = {isa = PBXFileReference; lastKnownFileType = sourcecode.swift; path = Song.swift; sourceTree = "<group>"; };
		03E29F722B22531300753FAA /* JegHarAldriVolume2.json */ = {isa = PBXFileReference; fileEncoding = 4; lastKnownFileType = text.json; path = JegHarAldriVolume2.json; sourceTree = "<group>"; };
		03E29F732B22531400753FAA /* JegHarAldriVolume4.json */ = {isa = PBXFileReference; fileEncoding = 4; lastKnownFileType = text.json; path = JegHarAldriVolume4.json; sourceTree = "<group>"; };
		03E29F742B22531400753FAA /* JegHarAldriS3XEdition.json */ = {isa = PBXFileReference; fileEncoding = 4; lastKnownFileType = text.json; path = JegHarAldriS3XEdition.json; sourceTree = "<group>"; };
		03E29F752B22531400753FAA /* JegHarAldriVolume3.json */ = {isa = PBXFileReference; fileEncoding = 4; lastKnownFileType = text.json; path = JegHarAldriVolume3.json; sourceTree = "<group>"; };
		03E29F762B22531400753FAA /* JegHarAldriListView.swift */ = {isa = PBXFileReference; fileEncoding = 4; lastKnownFileType = sourcecode.swift; name = JegHarAldriListView.swift; path = "../../../../Vorsj/Vorsj/Jeg har aldri/JegHarAldriListView.swift"; sourceTree = "<group>"; };
		03E29F772B22531400753FAA /* JegHarAldriVolume5.json */ = {isa = PBXFileReference; fileEncoding = 4; lastKnownFileType = text.json; path = JegHarAldriVolume5.json; sourceTree = "<group>"; };
		03E29F782B22531400753FAA /* JegHarAldriVolume1.json */ = {isa = PBXFileReference; fileEncoding = 4; lastKnownFileType = text.json; path = JegHarAldriVolume1.json; sourceTree = "<group>"; };
		03E29F792B22531400753FAA /* JegHarAldri.swift */ = {isa = PBXFileReference; fileEncoding = 4; lastKnownFileType = sourcecode.swift; name = JegHarAldri.swift; path = "../../../../Vorsj/Vorsj/Jeg har aldri/JegHarAldri.swift"; sourceTree = "<group>"; };
		03E29F832B22539E00753FAA /* StartNachet.swift */ = {isa = PBXFileReference; lastKnownFileType = sourcecode.swift; path = StartNachet.swift; sourceTree = "<group>"; };
		03E29F852B2253B000753FAA /* startnachet.json */ = {isa = PBXFileReference; fileEncoding = 4; lastKnownFileType = text.json; path = startnachet.json; sourceTree = "<group>"; };
		03E44CB22A76D16A00A57B1E /* CVITView.swift */ = {isa = PBXFileReference; lastKnownFileType = sourcecode.swift; path = CVITView.swift; sourceTree = "<group>"; };
		03E44CB42A76D33600A57B1E /* CVEconomicsView.swift */ = {isa = PBXFileReference; lastKnownFileType = sourcecode.swift; path = CVEconomicsView.swift; sourceTree = "<group>"; };
		03E44CB62A76F87100A57B1E /* CVJussView.swift */ = {isa = PBXFileReference; lastKnownFileType = sourcecode.swift; path = CVJussView.swift; sourceTree = "<group>"; };
		03E47FED2A558F4C005BCDAA /* SpringbrettfondetView.swift */ = {isa = PBXFileReference; lastKnownFileType = sourcecode.swift; path = SpringbrettfondetView.swift; sourceTree = "<group>"; };
		03ECA4582A29C23A007E0829 /* EventDetailView.swift */ = {isa = PBXFileReference; lastKnownFileType = sourcecode.swift; path = EventDetailView.swift; sourceTree = "<group>"; };
		03EFFE132A7AD3CC005B223C /* springbrettereData.json */ = {isa = PBXFileReference; lastKnownFileType = text.json; path = springbrettereData.json; sourceTree = "<group>"; };
/* End PBXFileReference section */

/* Begin PBXFrameworksBuildPhase section */
		0396B0682A250193008E6CAC /* Frameworks */ = {
			isa = PBXFrameworksBuildPhase;
			buildActionMask = 2147483647;
			files = (
				031CE3B92A4B0FEE005F4428 /* SDWebImageSwiftUI in Frameworks */,
			);
			runOnlyForDeploymentPostprocessing = 0;
		};
/* End PBXFrameworksBuildPhase section */

/* Begin PBXGroup section */
		030447B02A48854500966396 /* Modifiers */ = {
			isa = PBXGroup;
			children = (
				030447B12A48855700966396 /* CustomNavigationBar.swift */,
				035BC2092AAB776D00A9FE10 /* BackgroundSB.swift */,
			);
			path = Modifiers;
			sourceTree = "<group>";
		};
		031399952A2621FD0003427A /* Company */ = {
			isa = PBXGroup;
			children = (
				0396B08C2A25F024008E6CAC /* CompanyList.swift */,
				0396B08A2A25EA18008E6CAC /* CompanyRow.swift */,
				0396B08E2A25F136008E6CAC /* CompanyDetail.swift */,
				0396B07F2A25D9B8008E6CAC /* SquareImage.swift */,
				03C6425B2A8A3D2B001FF571 /* FavoriteButton.swift */,
				0396B0812A25DAE4008E6CAC /* MapView.swift */,
				03A976932ABAFF4E001A822C /* SponsorView.swift */,
			);
			path = Company;
			sourceTree = "<group>";
		};
		031399982A2623570003427A /* Schedule */ = {
			isa = PBXGroup;
			children = (
				0313999F2A2635380003427A /* ScheduleList.swift */,
				0313999D2A262E130003427A /* ScheduleRow.swift */,
				03ECA4582A29C23A007E0829 /* EventDetailView.swift */,
			);
			path = Schedule;
			sourceTree = "<group>";
		};
		033D15992B2A4BD00021B825 /* Misc */ = {
			isa = PBXGroup;
			children = (
				033D159A2B2A4BF90021B825 /* AppData.swift */,
			);
			path = Misc;
			sourceTree = "<group>";
		};
		033F06C92A758BC0007B6D8D /* CV */ = {
			isa = PBXGroup;
			children = (
				0361E1522A75630800AC4ABF /* CVTipsView.swift */,
				039EB7FA2A8F6D34005EE9E5 /* HRCVView.swift */,
				03E44CB22A76D16A00A57B1E /* CVITView.swift */,
				03E44CB42A76D33600A57B1E /* CVEconomicsView.swift */,
				03E44CB62A76F87100A57B1E /* CVJussView.swift */,
			);
			path = CV;
			sourceTree = "<group>";
		};
		03614BA92A44C289004F70F6 /* OmOss */ = {
			isa = PBXGroup;
			children = (
				03C642602A8B7EC4001FF571 /* GrieghallenView.swift */,
				03C6425E2A8B79DC001FF571 /* Om oss */,
				03D5C9442A82A9DC007D5508 /* Studenter.swift */,
			);
			path = OmOss;
			sourceTree = "<group>";
		};
		0396B0622A250193008E6CAC = {
			isa = PBXGroup;
			children = (
				0396B06D2A250193008E6CAC /* Springbrettet */,
				0396B06C2A250193008E6CAC /* Products */,
			);
			sourceTree = "<group>";
		};
		0396B06C2A250193008E6CAC /* Products */ = {
			isa = PBXGroup;
			children = (
				0396B06B2A250193008E6CAC /* Springbrettet.app */,
			);
			name = Products;
			sourceTree = "<group>";
		};
		0396B06D2A250193008E6CAC /* Springbrettet */ = {
			isa = PBXGroup;
			children = (
				03D995212A75393E00B8F6A8 /* KDaftermovie_cropped.gif */,
				0396B06E2A250193008E6CAC /* KarrieredagenApp.swift */,
				0396B0872A25E0CC008E6CAC /* Views */,
				033D15992B2A4BD00021B825 /* Misc */,
				0396B0882A25E107008E6CAC /* Model */,
				0396B0892A25E112008E6CAC /* Resources */,
				03E29EE92B224C6C00753FAA /* VorsjSpill */,
				0396B0722A250194008E6CAC /* Assets.xcassets */,
				0345B2732A29D15B00110EC4 /* Info.plist */,
				0396B0742A250194008E6CAC /* Preview Content */,
			);
			path = Springbrettet;
			sourceTree = "<group>";
		};
		0396B0742A250194008E6CAC /* Preview Content */ = {
			isa = PBXGroup;
			children = (
				0396B0752A250194008E6CAC /* Preview Assets.xcassets */,
			);
			path = "Preview Content";
			sourceTree = "<group>";
		};
		0396B0872A25E0CC008E6CAC /* Views */ = {
			isa = PBXGroup;
			children = (
				0396B0702A250193008E6CAC /* ContentView.swift */,
				037010162A49AADB007388E7 /* HomeView.swift */,
				0393415F2AFE3C6F00F8D800 /* HomeView2.swift */,
				03A976952ABB092E001A822C /* WelcomeSheet.swift */,
				03C6425F2A8B7A08001FF571 /* Springbrettets prosjekter */,
				031399982A2623570003427A /* Schedule */,
				031399952A2621FD0003427A /* Company */,
				03614BA92A44C289004F70F6 /* OmOss */,
				033F06C92A758BC0007B6D8D /* CV */,
				031C6BEF2A47090F00332564 /* GifImage.swift */,
				030447B02A48854500966396 /* Modifiers */,
			);
			path = Views;
			sourceTree = "<group>";
		};
		0396B0882A25E107008E6CAC /* Model */ = {
			isa = PBXGroup;
			children = (
				0396B0832A25DE2B008E6CAC /* Company.swift */,
				0313999B2A2625670003427A /* Event.swift */,
				035359F12A79A704003AB9B3 /* Person.swift */,
				03728C1F2A8FA3BE00B80581 /* Leder.swift */,
				0396B0852A25E068008E6CAC /* ModelData.swift */,
			);
			path = Model;
			sourceTree = "<group>";
		};
		0396B0892A25E112008E6CAC /* Resources */ = {
			isa = PBXGroup;
			children = (
				0396B07D2A25059D008E6CAC /* companyData.json */,
				031399962A2623350003427A /* scheduleData.json */,
				03EFFE132A7AD3CC005B223C /* springbrettereData.json */,
				03728C1D2A8FA38B00B80581 /* lederData.json */,
			);
			path = Resources;
			sourceTree = "<group>";
		};
		03C6425E2A8B79DC001FF571 /* Om oss */ = {
			isa = PBXGroup;
			children = (
				031C6BE32A46DC7900332564 /* OmOssView.swift */,
				0337135C2AA9E3E00018CA2E /* HosseinSharifiView.swift */,
				031C6BEB2A46EE8800332564 /* KarrieredagenInformationView.swift */,
				036285632A7ADDD0007E165B /* PersonView.swift */,
				03728C212A8FA6E300B80581 /* PersonView2.swift */,
				03728C1B2A8F7E4500B80581 /* HvaErSpringbrettet.swift */,
			);
			path = "Om oss";
			sourceTree = "<group>";
		};
		03C6425F2A8B7A08001FF571 /* Springbrettets prosjekter */ = {
			isa = PBXGroup;
			children = (
				03E47FED2A558F4C005BCDAA /* SpringbrettfondetView.swift */,
				0358A3A92A5AF44D00B68428 /* KarrierestudioView.swift */,
				036B44F32A6093BB0059EB50 /* DiTView.swift */,
			);
			path = "Springbrettets prosjekter";
			sourceTree = "<group>";
		};
		03E29EE92B224C6C00753FAA /* VorsjSpill */ = {
			isa = PBXGroup;
			children = (
				03E29EF22B224D8900753FAA /* Main Views */,
				03E29EFC2B224E6000753FAA /* Messages */,
				03E29EF32B224D9600753FAA /* 100 Spørsmål */,
				03E29F2E2B22503500753FAA /* Chugg eller sannhet */,
				03E29F6D2B2252D500753FAA /* Jeg har aldri */,
				03E29F402B22511C00753FAA /* Karaoke */,
				03E29F822B22538A00753FAA /* NARCH */,
				03E29F202B224F3000753FAA /* Quiz */,
				03E29F642B22518800753FAA /* Models */,
			);
			path = VorsjSpill;
			sourceTree = "<group>";
		};
		03E29EF22B224D8900753FAA /* Main Views */ = {
			isa = PBXGroup;
			children = (
				03E29EEA2B224C8200753FAA /* VorsjContentView.swift */,
				03E29EEC2B224CC800753FAA /* VorsjWelcomeSheet.swift */,
				03E29EEE2B224D5200753FAA /* UtenDrikkeView.swift */,
				03E29EF02B224D7400753FAA /* MedDrikkeView.swift */,
			);
			path = "Main Views";
			sourceTree = "<group>";
		};
		03E29EF32B224D9600753FAA /* 100 Spørsmål */ = {
			isa = PBXGroup;
			children = (
				03E29EF42B224DB100753FAA /* HundredQuestionsListView.swift */,
				03E29EF62B224DDB00753FAA /* HundredView.swift */,
				03E29EF82B224DEE00753FAA /* HeaderView.swift */,
				03E29EFA2B224E4500753FAA /* QuestionCardView.swift */,
				03E29F052B224EBC00753FAA /* JSON 100 Spørsmål */,
			);
			name = "100 Spørsmål";
			path = "100 Spørsmål";
			sourceTree = "<group>";
		};
		03E29EFC2B224E6000753FAA /* Messages */ = {
			isa = PBXGroup;
			children = (
				03E29EFD2B224E6C00753FAA /* ComposeArea.swift */,
				03E29EFF2B224E8100753FAA /* ChatsTabBarView.swift */,
				03E29F032B224E9E00753FAA /* MessageBubble.swift */,
			);
			name = Messages;
			path = "Main Views";
			sourceTree = "<group>";
		};
		03E29F052B224EBC00753FAA /* JSON 100 Spørsmål */ = {
			isa = PBXGroup;
			children = (
				03E29F062B224ED600753FAA /* 5050.json */,
				03E29F0B2B224ED700753FAA /* Kompliment.json */,
				03E29F102B224ED700753FAA /* Volume41.json */,
				03E29F0E2B224ED700753FAA /* Volume7.json */,
				03E29F0F2B224ED700753FAA /* Volume1.json */,
				03E29F082B224ED600753FAA /* Volume2.json */,
				03E29F0C2B224ED700753FAA /* Volume3.json */,
				03E29F072B224ED600753FAA /* Volume4.json */,
				03E29F1C2B224EE000753FAA /* Volume6.json */,
				03E29F092B224ED600753FAA /* Volume5BI.json */,
				03E29F1D2B224EE000753FAA /* Parleken.json */,
			);
			name = "JSON 100 Spørsmål";
			path = "JSON 100 Spørsmål";
			sourceTree = "<group>";
		};
		03E29F202B224F3000753FAA /* Quiz */ = {
			isa = PBXGroup;
			children = (
				03E29F212B224F3B00753FAA /* QuizListView.swift */,
				03E29F232B224F4500753FAA /* QuizView.swift */,
				03E29F252B224F6700753FAA /* JSON Quiz */,
			);
			path = Quiz;
			sourceTree = "<group>";
		};
		03E29F252B224F6700753FAA /* JSON Quiz */ = {
			isa = PBXGroup;
			children = (
				03E29F282B224F7C00753FAA /* Level1.json */,
				03E29F272B224F7C00753FAA /* Level2.json */,
				03E29F292B224F7C00753FAA /* Level3.json */,
				03E29F262B224F7C00753FAA /* Level4.json */,
			);
			path = "JSON Quiz";
			sourceTree = "<group>";
		};
		03E29F2E2B22503500753FAA /* Chugg eller sannhet */ = {
			isa = PBXGroup;
			children = (
				03E29F2F2B22505700753FAA /* ChuggEllerSannhetListView.swift */,
				03E29F312B22506500753FAA /* ChuggEllerSannhetVolume.swift */,
				03E29F332B22507100753FAA /* ChuggEllerSannhetVolume2.swift */,
				03E29F352B22507E00753FAA /* ChuggEllerSannhetVolume3.swift */,
				03E29F372B22508E00753FAA /* CustomToggleStyle.swift */,
				03E29F392B2250AE00753FAA /* JSON Chugg eller sannhet */,
			);
			path = "Chugg eller sannhet";
			sourceTree = "<group>";
		};
		03E29F392B2250AE00753FAA /* JSON Chugg eller sannhet */ = {
			isa = PBXGroup;
			children = (
				03E29F3B2B2250BD00753FAA /* ChuggEllerSannhetVolume1.json */,
				03E29F3A2B2250BD00753FAA /* ChuggEllerSannhetVolume2.json */,
				03E29F3C2B2250BD00753FAA /* ChuggEllerSannhetVolume3.json */,
			);
			path = "JSON Chugg eller sannhet";
			sourceTree = "<group>";
		};
		03E29F402B22511C00753FAA /* Karaoke */ = {
			isa = PBXGroup;
			children = (
				03E29F412B22513200753FAA /* KaraokeListView.swift */,
				03E29F432B22514000753FAA /* KaraokeView.swift */,
				03E29F452B22515100753FAA /* Spotify.swift */,
				03E29F472B22515E00753FAA /* JSON Karaoke */,
			);
			path = Karaoke;
			sourceTree = "<group>";
		};
		03E29F472B22515E00753FAA /* JSON Karaoke */ = {
			isa = PBXGroup;
			children = (
				03E29F4D2B22517600753FAA /* bestsongever.json */,
				03E29F482B22517600753FAA /* cornfieldchase.json */,
				03E29F522B22517600753FAA /* dancingqueen.json */,
				03E29F512B22517600753FAA /* fairytale.json */,
				03E29F532B22517700753FAA /* foreveralone.json */,
				03E29F542B22517700753FAA /* iwantitthatway.json */,
				03E29F4A2B22517600753FAA /* layallyourloveonme.json */,
				03E29F4B2B22517600753FAA /* livinonaprayer.json */,
				03E29F4F2B22517600753FAA /* newwayhome.json */,
				03E29F502B22517600753FAA /* rosahelikopter.json */,
				03E29F4C2B22517600753FAA /* sexonfire.json */,
				03E29F552B22517700753FAA /* sorry.json */,
				03E29F492B22517600753FAA /* takeonme.json */,
				03E29F4E2B22517600753FAA /* vivalavida.json */,
			);
			path = "JSON Karaoke";
			sourceTree = "<group>";
		};
		03E29F642B22518800753FAA /* Models */ = {
			isa = PBXGroup;
			children = (
				03E29F652B2251A000753FAA /* ModelDataVS.swift */,
				03E29F672B2251B100753FAA /* Question.swift */,
				03E29F692B2251B900753FAA /* QuizQuestion.swift */,
				03E29F6B2B2251C200753FAA /* Song.swift */,
			);
			path = Models;
			sourceTree = "<group>";
		};
		03E29F6D2B2252D500753FAA /* Jeg har aldri */ = {
			isa = PBXGroup;
			children = (
				03E29F792B22531400753FAA /* JegHarAldri.swift */,
				03E29F762B22531400753FAA /* JegHarAldriListView.swift */,
				03E29F742B22531400753FAA /* JegHarAldriS3XEdition.json */,
				03E29F782B22531400753FAA /* JegHarAldriVolume1.json */,
				03E29F722B22531300753FAA /* JegHarAldriVolume2.json */,
				03E29F752B22531400753FAA /* JegHarAldriVolume3.json */,
				03E29F732B22531400753FAA /* JegHarAldriVolume4.json */,
				03E29F772B22531400753FAA /* JegHarAldriVolume5.json */,
			);
			path = "Jeg har aldri";
			sourceTree = "<group>";
		};
		03E29F822B22538A00753FAA /* NARCH */ = {
			isa = PBXGroup;
			children = (
				03E29F832B22539E00753FAA /* StartNachet.swift */,
				03E29F852B2253B000753FAA /* startnachet.json */,
			);
			path = NARCH;
			sourceTree = "<group>";
		};
/* End PBXGroup section */

/* Begin PBXNativeTarget section */
		0396B06A2A250193008E6CAC /* Springbrettet */ = {
			isa = PBXNativeTarget;
			buildConfigurationList = 0396B0792A250194008E6CAC /* Build configuration list for PBXNativeTarget "Springbrettet" */;
			buildPhases = (
				0396B0672A250193008E6CAC /* Sources */,
				0396B0682A250193008E6CAC /* Frameworks */,
				0396B0692A250193008E6CAC /* Resources */,
			);
			buildRules = (
			);
			dependencies = (
			);
			name = Springbrettet;
			packageProductDependencies = (
				031CE3B82A4B0FEE005F4428 /* SDWebImageSwiftUI */,
			);
			productName = Karriaredagen;
			productReference = 0396B06B2A250193008E6CAC /* Springbrettet.app */;
			productType = "com.apple.product-type.application";
		};
/* End PBXNativeTarget section */

/* Begin PBXProject section */
		0396B0632A250193008E6CAC /* Project object */ = {
			isa = PBXProject;
			attributes = {
				BuildIndependentTargetsInParallel = 1;
				LastSwiftUpdateCheck = 1430;
				LastUpgradeCheck = 1500;
				TargetAttributes = {
					0396B06A2A250193008E6CAC = {
						CreatedOnToolsVersion = 14.3;
					};
				};
			};
			buildConfigurationList = 0396B0662A250193008E6CAC /* Build configuration list for PBXProject "Springbrettet" */;
			compatibilityVersion = "Xcode 14.0";
			developmentRegion = en;
			hasScannedForEncodings = 0;
			knownRegions = (
				en,
				Base,
			);
			mainGroup = 0396B0622A250193008E6CAC;
			packageReferences = (
				031CE3B72A4B0FEE005F4428 /* XCRemoteSwiftPackageReference "SDWebImageSwiftUI" */,
			);
			productRefGroup = 0396B06C2A250193008E6CAC /* Products */;
			projectDirPath = "";
			projectRoot = "";
			targets = (
				0396B06A2A250193008E6CAC /* Springbrettet */,
			);
		};
/* End PBXProject section */

/* Begin PBXResourcesBuildPhase section */
		0396B0692A250193008E6CAC /* Resources */ = {
			isa = PBXResourcesBuildPhase;
			buildActionMask = 2147483647;
			files = (
				03E29F1E2B224EE000753FAA /* Volume6.json in Resources */,
				03E29F7F2B22531400753FAA /* JegHarAldriVolume5.json in Resources */,
				03E29F602B22517700753FAA /* dancingqueen.json in Resources */,
				031399972A2623350003427A /* scheduleData.json in Resources */,
				03E29F5E2B22517700753FAA /* rosahelikopter.json in Resources */,
				03E29F172B224ED700753FAA /* Volume3.json in Resources */,
				03E29F7C2B22531400753FAA /* JegHarAldriS3XEdition.json in Resources */,
				03E29F192B224ED700753FAA /* Volume7.json in Resources */,
				03E29F592B22517700753FAA /* livinonaprayer.json in Resources */,
				03E29F7B2B22531400753FAA /* JegHarAldriVolume4.json in Resources */,
				03E29F612B22517700753FAA /* foreveralone.json in Resources */,
				0396B0762A250194008E6CAC /* Preview Assets.xcassets in Resources */,
				03E29F2D2B224F7C00753FAA /* Level3.json in Resources */,
				0396B0732A250194008E6CAC /* Assets.xcassets in Resources */,
				03E29F5A2B22517700753FAA /* sexonfire.json in Resources */,
				03E29F2B2B224F7C00753FAA /* Level2.json in Resources */,
				03E29F5D2B22517700753FAA /* newwayhome.json in Resources */,
				03E29F112B224ED700753FAA /* 5050.json in Resources */,
				03E29F632B22517700753FAA /* sorry.json in Resources */,
				03E29F3F2B2250BD00753FAA /* ChuggEllerSannhetVolume3.json in Resources */,
				03E29F7D2B22531400753FAA /* JegHarAldriVolume3.json in Resources */,
				03E29F862B2253B000753FAA /* startnachet.json in Resources */,
				03E29F122B224ED700753FAA /* Volume4.json in Resources */,
				03E29F562B22517700753FAA /* cornfieldchase.json in Resources */,
				03EFFE142A7AD3CC005B223C /* springbrettereData.json in Resources */,
				03E29F1B2B224ED700753FAA /* Volume41.json in Resources */,
				03E29F132B224ED700753FAA /* Volume2.json in Resources */,
				03E29F7A2B22531400753FAA /* JegHarAldriVolume2.json in Resources */,
				03E29F142B224ED700753FAA /* Volume5BI.json in Resources */,
				03E29F572B22517700753FAA /* takeonme.json in Resources */,
				03E29F3D2B2250BD00753FAA /* ChuggEllerSannhetVolume2.json in Resources */,
				03E29F802B22531400753FAA /* JegHarAldriVolume1.json in Resources */,
				03E29F2C2B224F7C00753FAA /* Level1.json in Resources */,
				03D995222A75393E00B8F6A8 /* KDaftermovie_cropped.gif in Resources */,
				03E29F3E2B2250BD00753FAA /* ChuggEllerSannhetVolume1.json in Resources */,
				03E29F2A2B224F7C00753FAA /* Level4.json in Resources */,
				03728C1E2A8FA38B00B80581 /* lederData.json in Resources */,
				03E29F5F2B22517700753FAA /* fairytale.json in Resources */,
				0396B07E2A25059D008E6CAC /* companyData.json in Resources */,
				03E29F1A2B224ED700753FAA /* Volume1.json in Resources */,
				03E29F162B224ED700753FAA /* Kompliment.json in Resources */,
				03E29F5C2B22517700753FAA /* vivalavida.json in Resources */,
				03E29F5B2B22517700753FAA /* bestsongever.json in Resources */,
				03E29F622B22517700753FAA /* iwantitthatway.json in Resources */,
				03E29F582B22517700753FAA /* layallyourloveonme.json in Resources */,
				03E29F1F2B224EE000753FAA /* Parleken.json in Resources */,
			);
			runOnlyForDeploymentPostprocessing = 0;
		};
/* End PBXResourcesBuildPhase section */

/* Begin PBXSourcesBuildPhase section */
		0396B0672A250193008E6CAC /* Sources */ = {
			isa = PBXSourcesBuildPhase;
			buildActionMask = 2147483647;
			files = (
				0396B0712A250193008E6CAC /* ContentView.swift in Sources */,
				03E29EF52B224DB100753FAA /* HundredQuestionsListView.swift in Sources */,
				03728C202A8FA3BE00B80581 /* Leder.swift in Sources */,
				03E29EF72B224DDB00753FAA /* HundredView.swift in Sources */,
				03E29F7E2B22531400753FAA /* JegHarAldriListView.swift in Sources */,
				035359F22A79A704003AB9B3 /* Person.swift in Sources */,
				03E29F442B22514000753FAA /* KaraokeView.swift in Sources */,
				03E29F462B22515100753FAA /* Spotify.swift in Sources */,
				03C6425C2A8A3D2B001FF571 /* FavoriteButton.swift in Sources */,
				03E29EFB2B224E4500753FAA /* QuestionCardView.swift in Sources */,
				03E29F6A2B2251B900753FAA /* QuizQuestion.swift in Sources */,
				0361E1532A75630800AC4ABF /* CVTipsView.swift in Sources */,
				031C6BF02A47090F00332564 /* GifImage.swift in Sources */,
				036B44F42A6093BB0059EB50 /* DiTView.swift in Sources */,
				03C642612A8B7EC4001FF571 /* GrieghallenView.swift in Sources */,
				03E29F682B2251B100753FAA /* Question.swift in Sources */,
				03728C222A8FA6E300B80581 /* PersonView2.swift in Sources */,
				0337135D2AA9E3E00018CA2E /* HosseinSharifiView.swift in Sources */,
				03E44CB32A76D16A00A57B1E /* CVITView.swift in Sources */,
				03E29EEB2B224C8200753FAA /* VorsjContentView.swift in Sources */,
				039341602AFE3C6F00F8D800 /* HomeView2.swift in Sources */,
				031C6BEC2A46EE8800332564 /* KarrieredagenInformationView.swift in Sources */,
				03E29F242B224F4500753FAA /* QuizView.swift in Sources */,
				03728C1C2A8F7E4500B80581 /* HvaErSpringbrettet.swift in Sources */,
				03E47FEE2A558F4C005BCDAA /* SpringbrettfondetView.swift in Sources */,
				03A976962ABB092E001A822C /* WelcomeSheet.swift in Sources */,
				0313999C2A2625670003427A /* Event.swift in Sources */,
				03E29EED2B224CC800753FAA /* VorsjWelcomeSheet.swift in Sources */,
				03E29EF92B224DEE00753FAA /* HeaderView.swift in Sources */,
				0396B0822A25DAE4008E6CAC /* MapView.swift in Sources */,
				0396B0802A25D9B8008E6CAC /* SquareImage.swift in Sources */,
				036285642A7ADDD0007E165B /* PersonView.swift in Sources */,
				03A976942ABAFF4E001A822C /* SponsorView.swift in Sources */,
				03E29F042B224E9E00753FAA /* MessageBubble.swift in Sources */,
				03E29F382B22508E00753FAA /* CustomToggleStyle.swift in Sources */,
				03E29EFE2B224E6C00753FAA /* ComposeArea.swift in Sources */,
				03E29F812B22531400753FAA /* JegHarAldri.swift in Sources */,
				0396B0842A25DE2B008E6CAC /* Company.swift in Sources */,
				03E29F362B22507E00753FAA /* ChuggEllerSannhetVolume3.swift in Sources */,
				03E44CB52A76D33600A57B1E /* CVEconomicsView.swift in Sources */,
				03E29F662B2251A000753FAA /* ModelDataVS.swift in Sources */,
				031C6BE42A46DC7900332564 /* OmOssView.swift in Sources */,
				03E29F002B224E8100753FAA /* ChatsTabBarView.swift in Sources */,
				0358A3AA2A5AF44D00B68428 /* KarrierestudioView.swift in Sources */,
				03E29F422B22513200753FAA /* KaraokeListView.swift in Sources */,
				0313999E2A262E130003427A /* ScheduleRow.swift in Sources */,
				035BC20A2AAB776D00A9FE10 /* BackgroundSB.swift in Sources */,
				033D159B2B2A4BF90021B825 /* AppData.swift in Sources */,
				0396B06F2A250193008E6CAC /* KarrieredagenApp.swift in Sources */,
				0396B0862A25E068008E6CAC /* ModelData.swift in Sources */,
				0396B08B2A25EA18008E6CAC /* CompanyRow.swift in Sources */,
				039EB7FB2A8F6D34005EE9E5 /* HRCVView.swift in Sources */,
				0396B08D2A25F024008E6CAC /* CompanyList.swift in Sources */,
				03E29F342B22507100753FAA /* ChuggEllerSannhetVolume2.swift in Sources */,
				03D5C9452A82A9DC007D5508 /* Studenter.swift in Sources */,
				03E29F842B22539E00753FAA /* StartNachet.swift in Sources */,
				030447B22A48855700966396 /* CustomNavigationBar.swift in Sources */,
				03E29F222B224F3B00753FAA /* QuizListView.swift in Sources */,
				03E29EF12B224D7400753FAA /* MedDrikkeView.swift in Sources */,
				03E44CB72A76F87100A57B1E /* CVJussView.swift in Sources */,
				03E29F322B22506500753FAA /* ChuggEllerSannhetVolume.swift in Sources */,
				03ECA4592A29C23A007E0829 /* EventDetailView.swift in Sources */,
				037010172A49AADB007388E7 /* HomeView.swift in Sources */,
				0396B08F2A25F136008E6CAC /* CompanyDetail.swift in Sources */,
				03E29F6C2B2251C200753FAA /* Song.swift in Sources */,
				03E29EEF2B224D5200753FAA /* UtenDrikkeView.swift in Sources */,
				03E29F302B22505700753FAA /* ChuggEllerSannhetListView.swift in Sources */,
				031399A02A2635380003427A /* ScheduleList.swift in Sources */,
			);
			runOnlyForDeploymentPostprocessing = 0;
		};
/* End PBXSourcesBuildPhase section */

/* Begin XCBuildConfiguration section */
		0396B0772A250194008E6CAC /* Debug */ = {
			isa = XCBuildConfiguration;
			buildSettings = {
				ALWAYS_SEARCH_USER_PATHS = NO;
				ASSETCATALOG_COMPILER_GENERATE_SWIFT_ASSET_SYMBOL_EXTENSIONS = YES;
				CLANG_ANALYZER_NONNULL = YES;
				CLANG_ANALYZER_NUMBER_OBJECT_CONVERSION = YES_AGGRESSIVE;
				CLANG_CXX_LANGUAGE_STANDARD = "gnu++20";
				CLANG_ENABLE_MODULES = YES;
				CLANG_ENABLE_OBJC_ARC = YES;
				CLANG_ENABLE_OBJC_WEAK = YES;
				CLANG_WARN_BLOCK_CAPTURE_AUTORELEASING = YES;
				CLANG_WARN_BOOL_CONVERSION = YES;
				CLANG_WARN_COMMA = YES;
				CLANG_WARN_CONSTANT_CONVERSION = YES;
				CLANG_WARN_DEPRECATED_OBJC_IMPLEMENTATIONS = YES;
				CLANG_WARN_DIRECT_OBJC_ISA_USAGE = YES_ERROR;
				CLANG_WARN_DOCUMENTATION_COMMENTS = YES;
				CLANG_WARN_EMPTY_BODY = YES;
				CLANG_WARN_ENUM_CONVERSION = YES;
				CLANG_WARN_INFINITE_RECURSION = YES;
				CLANG_WARN_INT_CONVERSION = YES;
				CLANG_WARN_NON_LITERAL_NULL_CONVERSION = YES;
				CLANG_WARN_OBJC_IMPLICIT_RETAIN_SELF = YES;
				CLANG_WARN_OBJC_LITERAL_CONVERSION = YES;
				CLANG_WARN_OBJC_ROOT_CLASS = YES_ERROR;
				CLANG_WARN_QUOTED_INCLUDE_IN_FRAMEWORK_HEADER = YES;
				CLANG_WARN_RANGE_LOOP_ANALYSIS = YES;
				CLANG_WARN_STRICT_PROTOTYPES = YES;
				CLANG_WARN_SUSPICIOUS_MOVE = YES;
				CLANG_WARN_UNGUARDED_AVAILABILITY = YES_AGGRESSIVE;
				CLANG_WARN_UNREACHABLE_CODE = YES;
				CLANG_WARN__DUPLICATE_METHOD_MATCH = YES;
				COPY_PHASE_STRIP = NO;
				DEBUG_INFORMATION_FORMAT = dwarf;
				ENABLE_STRICT_OBJC_MSGSEND = YES;
				ENABLE_TESTABILITY = YES;
				ENABLE_USER_SCRIPT_SANDBOXING = YES;
				GCC_C_LANGUAGE_STANDARD = gnu11;
				GCC_DYNAMIC_NO_PIC = NO;
				GCC_NO_COMMON_BLOCKS = YES;
				GCC_OPTIMIZATION_LEVEL = 0;
				GCC_PREPROCESSOR_DEFINITIONS = (
					"DEBUG=1",
					"$(inherited)",
				);
				GCC_WARN_64_TO_32_BIT_CONVERSION = YES;
				GCC_WARN_ABOUT_RETURN_TYPE = YES_ERROR;
				GCC_WARN_UNDECLARED_SELECTOR = YES;
				GCC_WARN_UNINITIALIZED_AUTOS = YES_AGGRESSIVE;
				GCC_WARN_UNUSED_FUNCTION = YES;
				GCC_WARN_UNUSED_VARIABLE = YES;
				IPHONEOS_DEPLOYMENT_TARGET = 16.0;
				MTL_ENABLE_DEBUG_INFO = INCLUDE_SOURCE;
				MTL_FAST_MATH = YES;
				ONLY_ACTIVE_ARCH = YES;
				SDKROOT = iphoneos;
				SWIFT_ACTIVE_COMPILATION_CONDITIONS = DEBUG;
				SWIFT_OPTIMIZATION_LEVEL = "-Onone";
			};
			name = Debug;
		};
		0396B0782A250194008E6CAC /* Release */ = {
			isa = XCBuildConfiguration;
			buildSettings = {
				ALWAYS_SEARCH_USER_PATHS = NO;
				ASSETCATALOG_COMPILER_GENERATE_SWIFT_ASSET_SYMBOL_EXTENSIONS = YES;
				CLANG_ANALYZER_NONNULL = YES;
				CLANG_ANALYZER_NUMBER_OBJECT_CONVERSION = YES_AGGRESSIVE;
				CLANG_CXX_LANGUAGE_STANDARD = "gnu++20";
				CLANG_ENABLE_MODULES = YES;
				CLANG_ENABLE_OBJC_ARC = YES;
				CLANG_ENABLE_OBJC_WEAK = YES;
				CLANG_WARN_BLOCK_CAPTURE_AUTORELEASING = YES;
				CLANG_WARN_BOOL_CONVERSION = YES;
				CLANG_WARN_COMMA = YES;
				CLANG_WARN_CONSTANT_CONVERSION = YES;
				CLANG_WARN_DEPRECATED_OBJC_IMPLEMENTATIONS = YES;
				CLANG_WARN_DIRECT_OBJC_ISA_USAGE = YES_ERROR;
				CLANG_WARN_DOCUMENTATION_COMMENTS = YES;
				CLANG_WARN_EMPTY_BODY = YES;
				CLANG_WARN_ENUM_CONVERSION = YES;
				CLANG_WARN_INFINITE_RECURSION = YES;
				CLANG_WARN_INT_CONVERSION = YES;
				CLANG_WARN_NON_LITERAL_NULL_CONVERSION = YES;
				CLANG_WARN_OBJC_IMPLICIT_RETAIN_SELF = YES;
				CLANG_WARN_OBJC_LITERAL_CONVERSION = YES;
				CLANG_WARN_OBJC_ROOT_CLASS = YES_ERROR;
				CLANG_WARN_QUOTED_INCLUDE_IN_FRAMEWORK_HEADER = YES;
				CLANG_WARN_RANGE_LOOP_ANALYSIS = YES;
				CLANG_WARN_STRICT_PROTOTYPES = YES;
				CLANG_WARN_SUSPICIOUS_MOVE = YES;
				CLANG_WARN_UNGUARDED_AVAILABILITY = YES_AGGRESSIVE;
				CLANG_WARN_UNREACHABLE_CODE = YES;
				CLANG_WARN__DUPLICATE_METHOD_MATCH = YES;
				COPY_PHASE_STRIP = NO;
				DEBUG_INFORMATION_FORMAT = "dwarf-with-dsym";
				ENABLE_NS_ASSERTIONS = NO;
				ENABLE_STRICT_OBJC_MSGSEND = YES;
				ENABLE_USER_SCRIPT_SANDBOXING = YES;
				GCC_C_LANGUAGE_STANDARD = gnu11;
				GCC_NO_COMMON_BLOCKS = YES;
				GCC_WARN_64_TO_32_BIT_CONVERSION = YES;
				GCC_WARN_ABOUT_RETURN_TYPE = YES_ERROR;
				GCC_WARN_UNDECLARED_SELECTOR = YES;
				GCC_WARN_UNINITIALIZED_AUTOS = YES_AGGRESSIVE;
				GCC_WARN_UNUSED_FUNCTION = YES;
				GCC_WARN_UNUSED_VARIABLE = YES;
				IPHONEOS_DEPLOYMENT_TARGET = 16.0;
				MTL_ENABLE_DEBUG_INFO = NO;
				MTL_FAST_MATH = YES;
				SDKROOT = iphoneos;
				SWIFT_COMPILATION_MODE = wholemodule;
				SWIFT_OPTIMIZATION_LEVEL = "-O";
				VALIDATE_PRODUCT = YES;
			};
			name = Release;
		};
		0396B07A2A250194008E6CAC /* Debug */ = {
			isa = XCBuildConfiguration;
			buildSettings = {
				ASSETCATALOG_COMPILER_APPICON_NAME = AppIcon;
				ASSETCATALOG_COMPILER_GLOBAL_ACCENT_COLOR_NAME = AccentColor;
				CODE_SIGN_IDENTITY = "Apple Development";
				CODE_SIGN_STYLE = Automatic;
				CURRENT_PROJECT_VERSION = 1;
				DEVELOPMENT_ASSET_PATHS = "\"Springbrettet/Preview Content\"";
				DEVELOPMENT_TEAM = WP99484WGY;
				ENABLE_PREVIEWS = YES;
				GENERATE_INFOPLIST_FILE = YES;
				INFOPLIST_FILE = Springbrettet/Info.plist;
				INFOPLIST_KEY_CFBundleDisplayName = Springbrettet;
				INFOPLIST_KEY_LSApplicationCategoryType = "public.app-category.education";
				INFOPLIST_KEY_NSCalendarsUsageDescription = "<string>We need access to add events to your calendar.</string>";
				INFOPLIST_KEY_UIApplicationSceneManifest_Generation = YES;
				INFOPLIST_KEY_UIApplicationSupportsIndirectInputEvents = YES;
				INFOPLIST_KEY_UISupportedInterfaceOrientations_iPad = "UIInterfaceOrientationPortrait UIInterfaceOrientationPortraitUpsideDown UIInterfaceOrientationLandscapeLeft UIInterfaceOrientationLandscapeRight";
				INFOPLIST_KEY_UISupportedInterfaceOrientations_iPhone = "UIInterfaceOrientationPortrait UIInterfaceOrientationLandscapeLeft UIInterfaceOrientationLandscapeRight";
				IPHONEOS_DEPLOYMENT_TARGET = 16.0;
				LD_RUNPATH_SEARCH_PATHS = (
					"$(inherited)",
					"@executable_path/Frameworks",
				);
				MARKETING_VERSION = 2.01;
				PRODUCT_BUNDLE_IDENTIFIER = co.hosseinsharifi.Karrieredagen;
				PRODUCT_NAME = "$(TARGET_NAME)";
				PROVISIONING_PROFILE_SPECIFIER = "";
				SUPPORTED_PLATFORMS = "iphoneos iphonesimulator";
				SUPPORTS_MACCATALYST = NO;
				SUPPORTS_MAC_DESIGNED_FOR_IPHONE_IPAD = NO;
				SWIFT_EMIT_LOC_STRINGS = YES;
				SWIFT_VERSION = 5.0;
				TARGETED_DEVICE_FAMILY = 1;
			};
			name = Debug;
		};
		0396B07B2A250194008E6CAC /* Release */ = {
			isa = XCBuildConfiguration;
			buildSettings = {
				ASSETCATALOG_COMPILER_APPICON_NAME = AppIcon;
				ASSETCATALOG_COMPILER_GLOBAL_ACCENT_COLOR_NAME = AccentColor;
				CODE_SIGN_IDENTITY = "Apple Development";
				CODE_SIGN_STYLE = Automatic;
				CURRENT_PROJECT_VERSION = 1;
				DEVELOPMENT_ASSET_PATHS = "\"Springbrettet/Preview Content\"";
				DEVELOPMENT_TEAM = WP99484WGY;
				ENABLE_PREVIEWS = YES;
				GENERATE_INFOPLIST_FILE = YES;
				INFOPLIST_FILE = Springbrettet/Info.plist;
				INFOPLIST_KEY_CFBundleDisplayName = Springbrettet;
				INFOPLIST_KEY_LSApplicationCategoryType = "public.app-category.education";
				INFOPLIST_KEY_NSCalendarsUsageDescription = "<string>We need access to add events to your calendar.</string>";
				INFOPLIST_KEY_UIApplicationSceneManifest_Generation = YES;
				INFOPLIST_KEY_UIApplicationSupportsIndirectInputEvents = YES;
				INFOPLIST_KEY_UISupportedInterfaceOrientations_iPad = "UIInterfaceOrientationPortrait UIInterfaceOrientationPortraitUpsideDown UIInterfaceOrientationLandscapeLeft UIInterfaceOrientationLandscapeRight";
				INFOPLIST_KEY_UISupportedInterfaceOrientations_iPhone = "UIInterfaceOrientationPortrait UIInterfaceOrientationLandscapeLeft UIInterfaceOrientationLandscapeRight";
				IPHONEOS_DEPLOYMENT_TARGET = 16.0;
				LD_RUNPATH_SEARCH_PATHS = (
					"$(inherited)",
					"@executable_path/Frameworks",
				);
				MARKETING_VERSION = 2.01;
				PRODUCT_BUNDLE_IDENTIFIER = co.hosseinsharifi.Karrieredagen;
				PRODUCT_NAME = "$(TARGET_NAME)";
				PROVISIONING_PROFILE_SPECIFIER = "";
				SUPPORTED_PLATFORMS = "iphoneos iphonesimulator";
				SUPPORTS_MACCATALYST = NO;
				SUPPORTS_MAC_DESIGNED_FOR_IPHONE_IPAD = NO;
				SWIFT_EMIT_LOC_STRINGS = YES;
				SWIFT_VERSION = 5.0;
				TARGETED_DEVICE_FAMILY = 1;
			};
			name = Release;
		};
/* End XCBuildConfiguration section */

/* Begin XCConfigurationList section */
		0396B0662A250193008E6CAC /* Build configuration list for PBXProject "Springbrettet" */ = {
			isa = XCConfigurationList;
			buildConfigurations = (
				0396B0772A250194008E6CAC /* Debug */,
				0396B0782A250194008E6CAC /* Release */,
			);
			defaultConfigurationIsVisible = 0;
			defaultConfigurationName = Release;
		};
		0396B0792A250194008E6CAC /* Build configuration list for PBXNativeTarget "Springbrettet" */ = {
			isa = XCConfigurationList;
			buildConfigurations = (
				0396B07A2A250194008E6CAC /* Debug */,
				0396B07B2A250194008E6CAC /* Release */,
			);
			defaultConfigurationIsVisible = 0;
			defaultConfigurationName = Release;
		};
/* End XCConfigurationList section */

/* Begin XCRemoteSwiftPackageReference section */
		031CE3B72A4B0FEE005F4428 /* XCRemoteSwiftPackageReference "SDWebImageSwiftUI" */ = {
			isa = XCRemoteSwiftPackageReference;
			repositoryURL = "https://github.com/SDWebImage/SDWebImageSwiftUI";
			requirement = {
				kind = upToNextMajorVersion;
				minimumVersion = 2.2.3;
			};
		};
/* End XCRemoteSwiftPackageReference section */

/* Begin XCSwiftPackageProductDependency section */
		031CE3B82A4B0FEE005F4428 /* SDWebImageSwiftUI */ = {
			isa = XCSwiftPackageProductDependency;
			package = 031CE3B72A4B0FEE005F4428 /* XCRemoteSwiftPackageReference "SDWebImageSwiftUI" */;
			productName = SDWebImageSwiftUI;
		};
/* End XCSwiftPackageProductDependency section */
	};
	rootObject = 0396B0632A250193008E6CAC /* Project object */;
}
