{
  "pins" : [
    {
      "identity" : "sdwebimage",
      "kind" : "remoteSourceControl",
      "location" : "https://github.com/SDWebImage/SDWebImage.git",
      "state" : {
        "revision" : "0383fd49fe4d9ae43f150f24693550ebe6ef0d14",
        "version" : "5.18.6"
      }
    },
    {
      "identity" : "sdwebimageswiftui",
      "kind" : "remoteSourceControl",
      "location" : "https://github.com/SDWebImage/SDWebImageSwiftUI",
      "state" : {
        "revision" : "aee64ef39b570c44ccf0f884c440fc6494a23c76",
        "version" : "2.2.5"
      }
    }
  ],
  "version" : 2
}
