// !$*UTF8*$!
{
	archiveVersion = 1;
	classes = {
	};
	objectVersion = 56;
	objects = {

/* Begin PBXBuildFile section */
		031399972A2623350003427A /* scheduleData.json in Resources */ = {isa = PBXBuildFile; fileRef = 031399962A2623350003427A /* scheduleData.json */; };
		0313999C2A2625670003427A /* Event.swift in Sources */ = {isa = PBXBuildFile; fileRef = 0313999B2A2625670003427A /* Event.swift */; };
		0313999E2A262E130003427A /* ScheduleRow.swift in Sources */ = {isa = PBXBuildFile; fileRef = 0313999D2A262E130003427A /* ScheduleRow.swift */; };
		031399A02A2635380003427A /* ScheduleList.swift in Sources */ = {isa = PBXBuildFile; fileRef = 0313999F2A2635380003427A /* ScheduleList.swift */; };
		0396B06F2A250193008E6CAC /* KarriaredagenApp.swift in Sources */ = {isa = PBXBuildFile; fileRef = 0396B06E2A250193008E6CAC /* KarriaredagenApp.swift */; };
		0396B0712A250193008E6CAC /* ContentView.swift in Sources */ = {isa = PBXBuildFile; fileRef = 0396B0702A250193008E6CAC /* ContentView.swift */; };
		0396B0732A250194008E6CAC /* Assets.xcassets in Resources */ = {isa = PBXBuildFile; fileRef = 0396B0722A250194008E6CAC /* Assets.xcassets */; };
		0396B0762A250194008E6CAC /* Preview Assets.xcassets in Resources */ = {isa = PBXBuildFile; fileRef = 0396B0752A250194008E6CAC /* Preview Assets.xcassets */; };
		0396B07E2A25059D008E6CAC /* companyData.json in Resources */ = {isa = PBXBuildFile; fileRef = 0396B07D2A25059D008E6CAC /* companyData.json */; };
		0396B0802A25D9B8008E6CAC /* SquareImage.swift in Sources */ = {isa = PBXBuildFile; fileRef = 0396B07F2A25D9B8008E6CAC /* SquareImage.swift */; };
		0396B0822A25DAE4008E6CAC /* MapView.swift in Sources */ = {isa = PBXBuildFile; fileRef = 0396B0812A25DAE4008E6CAC /* MapView.swift */; };
		0396B0842A25DE2B008E6CAC /* Company.swift in Sources */ = {isa = PBXBuildFile; fileRef = 0396B0832A25DE2B008E6CAC /* Company.swift */; };
		0396B0862A25E068008E6CAC /* ModelData.swift in Sources */ = {isa = PBXBuildFile; fileRef = 0396B0852A25E068008E6CAC /* ModelData.swift */; };
		0396B08B2A25EA18008E6CAC /* CompanyRow.swift in Sources */ = {isa = PBXBuildFile; fileRef = 0396B08A2A25EA18008E6CAC /* CompanyRow.swift */; };
		0396B08D2A25F024008E6CAC /* CompanyList.swift in Sources */ = {isa = PBXBuildFile; fileRef = 0396B08C2A25F024008E6CAC /* CompanyList.swift */; };
		0396B08F2A25F136008E6CAC /* CompanyDetail.swift in Sources */ = {isa = PBXBuildFile; fileRef = 0396B08E2A25F136008E6CAC /* CompanyDetail.swift */; };
		0396B0912A260E6C008E6CAC /* GriegView.swift in Sources */ = {isa = PBXBuildFile; fileRef = 0396B0902A260E6B008E6CAC /* GriegView.swift */; };
		03ECA4592A29C23A007E0829 /* ScheduleDetail.swift in Sources */ = {isa = PBXBuildFile; fileRef = 03ECA4582A29C23A007E0829 /* ScheduleDetail.swift */; };
		03ECA45B2A29C442007E0829 /* OmOssView.swift in Sources */ = {isa = PBXBuildFile; fileRef = 03ECA45A2A29C442007E0829 /* OmOssView.swift */; };
/* End PBXBuildFile section */

/* Begin PBXFileReference section */
		031399962A2623350003427A /* scheduleData.json */ = {isa = PBXFileReference; lastKnownFileType = text.json; path = scheduleData.json; sourceTree = "<group>"; };
		0313999B2A2625670003427A /* Event.swift */ = {isa = PBXFileReference; lastKnownFileType = sourcecode.swift; path = Event.swift; sourceTree = "<group>"; };
		0313999D2A262E130003427A /* ScheduleRow.swift */ = {isa = PBXFileReference; lastKnownFileType = sourcecode.swift; path = ScheduleRow.swift; sourceTree = "<group>"; };
		0313999F2A2635380003427A /* ScheduleList.swift */ = {isa = PBXFileReference; lastKnownFileType = sourcecode.swift; path = ScheduleList.swift; sourceTree = "<group>"; };
		0345B2732A29D15B00110EC4 /* Info.plist */ = {isa = PBXFileReference; fileEncoding = 4; lastKnownFileType = text.plist.xml; path = Info.plist; sourceTree = "<group>"; };
		0396B06B2A250193008E6CAC /* Karriaredagen.app */ = {isa = PBXFileReference; explicitFileType = wrapper.application; includeInIndex = 0; path = Karriaredagen.app; sourceTree = BUILT_PRODUCTS_DIR; };
		0396B06E2A250193008E6CAC /* KarriaredagenApp.swift */ = {isa = PBXFileReference; lastKnownFileType = sourcecode.swift; path = KarriaredagenApp.swift; sourceTree = "<group>"; };
		0396B0702A250193008E6CAC /* ContentView.swift */ = {isa = PBXFileReference; lastKnownFileType = sourcecode.swift; path = ContentView.swift; sourceTree = "<group>"; };
		0396B0722A250194008E6CAC /* Assets.xcassets */ = {isa = PBXFileReference; lastKnownFileType = folder.assetcatalog; path = Assets.xcassets; sourceTree = "<group>"; };
		0396B0752A250194008E6CAC /* Preview Assets.xcassets */ = {isa = PBXFileReference; lastKnownFileType = folder.assetcatalog; path = "Preview Assets.xcassets"; sourceTree = "<group>"; };
		0396B07D2A25059D008E6CAC /* companyData.json */ = {isa = PBXFileReference; fileEncoding = 4; lastKnownFileType = text.json; path = companyData.json; sourceTree = "<group>"; };
		0396B07F2A25D9B8008E6CAC /* SquareImage.swift */ = {isa = PBXFileReference; lastKnownFileType = sourcecode.swift; path = SquareImage.swift; sourceTree = "<group>"; };
		0396B0812A25DAE4008E6CAC /* MapView.swift */ = {isa = PBXFileReference; lastKnownFileType = sourcecode.swift; path = MapView.swift; sourceTree = "<group>"; };
		0396B0832A25DE2B008E6CAC /* Company.swift */ = {isa = PBXFileReference; lastKnownFileType = sourcecode.swift; path = Company.swift; sourceTree = "<group>"; };
		0396B0852A25E068008E6CAC /* ModelData.swift */ = {isa = PBXFileReference; lastKnownFileType = sourcecode.swift; path = ModelData.swift; sourceTree = "<group>"; };
		0396B08A2A25EA18008E6CAC /* CompanyRow.swift */ = {isa = PBXFileReference; lastKnownFileType = sourcecode.swift; path = CompanyRow.swift; sourceTree = "<group>"; };
		0396B08C2A25F024008E6CAC /* CompanyList.swift */ = {isa = PBXFileReference; lastKnownFileType = sourcecode.swift; path = CompanyList.swift; sourceTree = "<group>"; };
		0396B08E2A25F136008E6CAC /* CompanyDetail.swift */ = {isa = PBXFileReference; lastKnownFileType = sourcecode.swift; path = CompanyDetail.swift; sourceTree = "<group>"; };
		0396B0902A260E6B008E6CAC /* GriegView.swift */ = {isa = PBXFileReference; lastKnownFileType = sourcecode.swift; path = GriegView.swift; sourceTree = "<group>"; };
		03ECA4582A29C23A007E0829 /* ScheduleDetail.swift */ = {isa = PBXFileReference; lastKnownFileType = sourcecode.swift; path = ScheduleDetail.swift; sourceTree = "<group>"; };
		03ECA45A2A29C442007E0829 /* OmOssView.swift */ = {isa = PBXFileReference; lastKnownFileType = sourcecode.swift; path = OmOssView.swift; sourceTree = "<group>"; };
/* End PBXFileReference section */

/* Begin PBXFrameworksBuildPhase section */
		0396B0682A250193008E6CAC /* Frameworks */ = {
			isa = PBXFrameworksBuildPhase;
			buildActionMask = 2147483647;
			files = (
			);
			runOnlyForDeploymentPostprocessing = 0;
		};
/* End PBXFrameworksBuildPhase section */

/* Begin PBXGroup section */
		031399952A2621FD0003427A /* Company */ = {
			isa = PBXGroup;
			children = (
				0396B07F2A25D9B8008E6CAC /* SquareImage.swift */,
				0396B0812A25DAE4008E6CAC /* MapView.swift */,
				0396B08A2A25EA18008E6CAC /* CompanyRow.swift */,
				0396B08C2A25F024008E6CAC /* CompanyList.swift */,
				0396B08E2A25F136008E6CAC /* CompanyDetail.swift */,
			);
			path = Company;
			sourceTree = "<group>";
		};
		031399982A2623570003427A /* Schedule */ = {
			isa = PBXGroup;
			children = (
				0313999D2A262E130003427A /* ScheduleRow.swift */,
				0313999F2A2635380003427A /* ScheduleList.swift */,
				03ECA4582A29C23A007E0829 /* ScheduleDetail.swift */,
			);
			path = Schedule;
			sourceTree = "<group>";
		};
		0396B0622A250193008E6CAC = {
			isa = PBXGroup;
			children = (
				0396B06D2A250193008E6CAC /* Karriaredagen */,
				0396B06C2A250193008E6CAC /* Products */,
			);
			sourceTree = "<group>";
		};
		0396B06C2A250193008E6CAC /* Products */ = {
			isa = PBXGroup;
			children = (
				0396B06B2A250193008E6CAC /* Karriaredagen.app */,
			);
			name = Products;
			sourceTree = "<group>";
		};
		0396B06D2A250193008E6CAC /* Karriaredagen */ = {
			isa = PBXGroup;
			children = (
				0396B06E2A250193008E6CAC /* KarriaredagenApp.swift */,
				0396B0872A25E0CC008E6CAC /* Views */,
				0396B0882A25E107008E6CAC /* Model */,
				0396B0722A250194008E6CAC /* Assets.xcassets */,
				0345B2732A29D15B00110EC4 /* Info.plist */,
				0396B0892A25E112008E6CAC /* Resources */,
				0396B0742A250194008E6CAC /* Preview Content */,
			);
			path = Karriaredagen;
			sourceTree = "<group>";
		};
		0396B0742A250194008E6CAC /* Preview Content */ = {
			isa = PBXGroup;
			children = (
				0396B0752A250194008E6CAC /* Preview Assets.xcassets */,
			);
			path = "Preview Content";
			sourceTree = "<group>";
		};
		0396B0872A25E0CC008E6CAC /* Views */ = {
			isa = PBXGroup;
			children = (
				031399982A2623570003427A /* Schedule */,
				0396B0702A250193008E6CAC /* ContentView.swift */,
				031399952A2621FD0003427A /* Company */,
				0396B0902A260E6B008E6CAC /* GriegView.swift */,
				03ECA45A2A29C442007E0829 /* OmOssView.swift */,
			);
			path = Views;
			sourceTree = "<group>";
		};
		0396B0882A25E107008E6CAC /* Model */ = {
			isa = PBXGroup;
			children = (
				0396B0832A25DE2B008E6CAC /* Company.swift */,
				0313999B2A2625670003427A /* Event.swift */,
				0396B0852A25E068008E6CAC /* ModelData.swift */,
			);
			path = Model;
			sourceTree = "<group>";
		};
		0396B0892A25E112008E6CAC /* Resources */ = {
			isa = PBXGroup;
			children = (
				0396B07D2A25059D008E6CAC /* companyData.json */,
				031399962A2623350003427A /* scheduleData.json */,
			);
			path = Resources;
			sourceTree = "<group>";
		};
/* End PBXGroup section */

/* Begin PBXNativeTarget section */
		0396B06A2A250193008E6CAC /* Karriaredagen */ = {
			isa = PBXNativeTarget;
			buildConfigurationList = 0396B0792A250194008E6CAC /* Build configuration list for PBXNativeTarget "Karriaredagen" */;
			buildPhases = (
				0396B0672A250193008E6CAC /* Sources */,
				0396B0682A250193008E6CAC /* Frameworks */,
				0396B0692A250193008E6CAC /* Resources */,
			);
			buildRules = (
			);
			dependencies = (
			);
			name = Karriaredagen;
			productName = Karriaredagen;
			productReference = 0396B06B2A250193008E6CAC /* Karriaredagen.app */;
			productType = "com.apple.product-type.application";
		};
/* End PBXNativeTarget section */

/* Begin PBXProject section */
		0396B0632A250193008E6CAC /* Project object */ = {
			isa = PBXProject;
			attributes = {
				BuildIndependentTargetsInParallel = 1;
				LastSwiftUpdateCheck = 1430;
				LastUpgradeCheck = 1430;
				TargetAttributes = {
					0396B06A2A250193008E6CAC = {
						CreatedOnToolsVersion = 14.3;
					};
				};
			};
			buildConfigurationList = 0396B0662A250193008E6CAC /* Build configuration list for PBXProject "Karriaredagen" */;
			compatibilityVersion = "Xcode 14.0";
			developmentRegion = en;
			hasScannedForEncodings = 0;
			knownRegions = (
				en,
				Base,
			);
			mainGroup = 0396B0622A250193008E6CAC;
			productRefGroup = 0396B06C2A250193008E6CAC /* Products */;
			projectDirPath = "";
			projectRoot = "";
			targets = (
				0396B06A2A250193008E6CAC /* Karriaredagen */,
			);
		};
/* End PBXProject section */

/* Begin PBXResourcesBuildPhase section */
		0396B0692A250193008E6CAC /* Resources */ = {
			isa = PBXResourcesBuildPhase;
			buildActionMask = 2147483647;
			files = (
				031399972A2623350003427A /* scheduleData.json in Resources */,
				0396B0762A250194008E6CAC /* Preview Assets.xcassets in Resources */,
				0396B0732A250194008E6CAC /* Assets.xcassets in Resources */,
				0396B07E2A25059D008E6CAC /* companyData.json in Resources */,
			);
			runOnlyForDeploymentPostprocessing = 0;
		};
/* End PBXResourcesBuildPhase section */

/* Begin PBXSourcesBuildPhase section */
		0396B0672A250193008E6CAC /* Sources */ = {
			isa = PBXSourcesBuildPhase;
			buildActionMask = 2147483647;
			files = (
				0396B0712A250193008E6CAC /* ContentView.swift in Sources */,
				03ECA45B2A29C442007E0829 /* OmOssView.swift in Sources */,
				0313999C2A2625670003427A /* Event.swift in Sources */,
				0396B0822A25DAE4008E6CAC /* MapView.swift in Sources */,
				0396B0802A25D9B8008E6CAC /* SquareImage.swift in Sources */,
				0396B0842A25DE2B008E6CAC /* Company.swift in Sources */,
				0313999E2A262E130003427A /* ScheduleRow.swift in Sources */,
				0396B06F2A250193008E6CAC /* KarriaredagenApp.swift in Sources */,
				0396B0912A260E6C008E6CAC /* GriegView.swift in Sources */,
				0396B0862A25E068008E6CAC /* ModelData.swift in Sources */,
				0396B08B2A25EA18008E6CAC /* CompanyRow.swift in Sources */,
				0396B08D2A25F024008E6CAC /* CompanyList.swift in Sources */,
				03ECA4592A29C23A007E0829 /* ScheduleDetail.swift in Sources */,
				0396B08F2A25F136008E6CAC /* CompanyDetail.swift in Sources */,
				031399A02A2635380003427A /* ScheduleList.swift in Sources */,
			);
			runOnlyForDeploymentPostprocessing = 0;
		};
/* End PBXSourcesBuildPhase section */

/* Begin XCBuildConfiguration section */
		0396B0772A250194008E6CAC /* Debug */ = {
			isa = XCBuildConfiguration;
			buildSettings = {
				ALWAYS_SEARCH_USER_PATHS = NO;
				CLANG_ANALYZER_NONNULL = YES;
				CLANG_ANALYZER_NUMBER_OBJECT_CONVERSION = YES_AGGRESSIVE;
				CLANG_CXX_LANGUAGE_STANDARD = "gnu++20";
				CLANG_ENABLE_MODULES = YES;
				CLANG_ENABLE_OBJC_ARC = YES;
				CLANG_ENABLE_OBJC_WEAK = YES;
				CLANG_WARN_BLOCK_CAPTURE_AUTORELEASING = YES;
				CLANG_WARN_BOOL_CONVERSION = YES;
				CLANG_WARN_COMMA = YES;
				CLANG_WARN_CONSTANT_CONVERSION = YES;
				CLANG_WARN_DEPRECATED_OBJC_IMPLEMENTATIONS = YES;
				CLANG_WARN_DIRECT_OBJC_ISA_USAGE = YES_ERROR;
				CLANG_WARN_DOCUMENTATION_COMMENTS = YES;
				CLANG_WARN_EMPTY_BODY = YES;
				CLANG_WARN_ENUM_CONVERSION = YES;
				CLANG_WARN_INFINITE_RECURSION = YES;
				CLANG_WARN_INT_CONVERSION = YES;
				CLANG_WARN_NON_LITERAL_NULL_CONVERSION = YES;
				CLANG_WARN_OBJC_IMPLICIT_RETAIN_SELF = YES;
				CLANG_WARN_OBJC_LITERAL_CONVERSION = YES;
				CLANG_WARN_OBJC_ROOT_CLASS = YES_ERROR;
				CLANG_WARN_QUOTED_INCLUDE_IN_FRAMEWORK_HEADER = YES;
				CLANG_WARN_RANGE_LOOP_ANALYSIS = YES;
				CLANG_WARN_STRICT_PROTOTYPES = YES;
				CLANG_WARN_SUSPICIOUS_MOVE = YES;
				CLANG_WARN_UNGUARDED_AVAILABILITY = YES_AGGRESSIVE;
				CLANG_WARN_UNREACHABLE_CODE = YES;
				CLANG_WARN__DUPLICATE_METHOD_MATCH = YES;
				COPY_PHASE_STRIP = NO;
				DEBUG_INFORMATION_FORMAT = dwarf;
				ENABLE_STRICT_OBJC_MSGSEND = YES;
				ENABLE_TESTABILITY = YES;
				GCC_C_LANGUAGE_STANDARD = gnu11;
				GCC_DYNAMIC_NO_PIC = NO;
				GCC_NO_COMMON_BLOCKS = YES;
				GCC_OPTIMIZATION_LEVEL = 0;
				GCC_PREPROCESSOR_DEFINITIONS = (
					"DEBUG=1",
					"$(inherited)",
				);
				GCC_WARN_64_TO_32_BIT_CONVERSION = YES;
				GCC_WARN_ABOUT_RETURN_TYPE = YES_ERROR;
				GCC_WARN_UNDECLARED_SELECTOR = YES;
				GCC_WARN_UNINITIALIZED_AUTOS = YES_AGGRESSIVE;
				GCC_WARN_UNUSED_FUNCTION = YES;
				GCC_WARN_UNUSED_VARIABLE = YES;
				IPHONEOS_DEPLOYMENT_TARGET = 16.4;
				MTL_ENABLE_DEBUG_INFO = INCLUDE_SOURCE;
				MTL_FAST_MATH = YES;
				ONLY_ACTIVE_ARCH = YES;
				SDKROOT = iphoneos;
				SWIFT_ACTIVE_COMPILATION_CONDITIONS = DEBUG;
				SWIFT_OPTIMIZATION_LEVEL = "-Onone";
			};
			name = Debug;
		};
		0396B0782A250194008E6CAC /* Release */ = {
			isa = XCBuildConfiguration;
			buildSettings = {
				ALWAYS_SEARCH_USER_PATHS = NO;
				CLANG_ANALYZER_NONNULL = YES;
				CLANG_ANALYZER_NUMBER_OBJECT_CONVERSION = YES_AGGRESSIVE;
				CLANG_CXX_LANGUAGE_STANDARD = "gnu++20";
				CLANG_ENABLE_MODULES = YES;
				CLANG_ENABLE_OBJC_ARC = YES;
				CLANG_ENABLE_OBJC_WEAK = YES;
				CLANG_WARN_BLOCK_CAPTURE_AUTORELEASING = YES;
				CLANG_WARN_BOOL_CONVERSION = YES;
				CLANG_WARN_COMMA = YES;
				CLANG_WARN_CONSTANT_CONVERSION = YES;
				CLANG_WARN_DEPRECATED_OBJC_IMPLEMENTATIONS = YES;
				CLANG_WARN_DIRECT_OBJC_ISA_USAGE = YES_ERROR;
				CLANG_WARN_DOCUMENTATION_COMMENTS = YES;
				CLANG_WARN_EMPTY_BODY = YES;
				CLANG_WARN_ENUM_CONVERSION = YES;
				CLANG_WARN_INFINITE_RECURSION = YES;
				CLANG_WARN_INT_CONVERSION = YES;
				CLANG_WARN_NON_LITERAL_NULL_CONVERSION = YES;
				CLANG_WARN_OBJC_IMPLICIT_RETAIN_SELF = YES;
				CLANG_WARN_OBJC_LITERAL_CONVERSION = YES;
				CLANG_WARN_OBJC_ROOT_CLASS = YES_ERROR;
				CLANG_WARN_QUOTED_INCLUDE_IN_FRAMEWORK_HEADER = YES;
				CLANG_WARN_RANGE_LOOP_ANALYSIS = YES;
				CLANG_WARN_STRICT_PROTOTYPES = YES;
				CLANG_WARN_SUSPICIOUS_MOVE = YES;
				CLANG_WARN_UNGUARDED_AVAILABILITY = YES_AGGRESSIVE;
				CLANG_WARN_UNREACHABLE_CODE = YES;
				CLANG_WARN__DUPLICATE_METHOD_MATCH = YES;
				COPY_PHASE_STRIP = NO;
				DEBUG_INFORMATION_FORMAT = "dwarf-with-dsym";
				ENABLE_NS_ASSERTIONS = NO;
				ENABLE_STRICT_OBJC_MSGSEND = YES;
				GCC_C_LANGUAGE_STANDARD = gnu11;
				GCC_NO_COMMON_BLOCKS = YES;
				GCC_WARN_64_TO_32_BIT_CONVERSION = YES;
				GCC_WARN_ABOUT_RETURN_TYPE = YES_ERROR;
				GCC_WARN_UNDECLARED_SELECTOR = YES;
				GCC_WARN_UNINITIALIZED_AUTOS = YES_AGGRESSIVE;
				GCC_WARN_UNUSED_FUNCTION = YES;
				GCC_WARN_UNUSED_VARIABLE = YES;
				IPHONEOS_DEPLOYMENT_TARGET = 16.4;
				MTL_ENABLE_DEBUG_INFO = NO;
				MTL_FAST_MATH = YES;
				SDKROOT = iphoneos;
				SWIFT_COMPILATION_MODE = wholemodule;
				SWIFT_OPTIMIZATION_LEVEL = "-O";
				VALIDATE_PRODUCT = YES;
			};
			name = Release;
		};
		0396B07A2A250194008E6CAC /* Debug */ = {
			isa = XCBuildConfiguration;
			buildSettings = {
				ASSETCATALOG_COMPILER_APPICON_NAME = AppIcon;
				ASSETCATALOG_COMPILER_GLOBAL_ACCENT_COLOR_NAME = AccentColor;
				CODE_SIGN_IDENTITY = "Apple Development";
				CODE_SIGN_STYLE = Automatic;
				CURRENT_PROJECT_VERSION = 1;
				DEVELOPMENT_ASSET_PATHS = "\"Karriaredagen/Preview Content\"";
				DEVELOPMENT_TEAM = WP99484WGY;
				ENABLE_PREVIEWS = YES;
				GENERATE_INFOPLIST_FILE = YES;
				INFOPLIST_FILE = Karriaredagen/Info.plist;
				INFOPLIST_KEY_UIApplicationSceneManifest_Generation = YES;
				INFOPLIST_KEY_UIApplicationSupportsIndirectInputEvents = YES;
				INFOPLIST_KEY_UISupportedInterfaceOrientations_iPad = "UIInterfaceOrientationPortrait UIInterfaceOrientationPortraitUpsideDown UIInterfaceOrientationLandscapeLeft UIInterfaceOrientationLandscapeRight";
				INFOPLIST_KEY_UISupportedInterfaceOrientations_iPhone = "UIInterfaceOrientationPortrait UIInterfaceOrientationLandscapeLeft UIInterfaceOrientationLandscapeRight";
				LD_RUNPATH_SEARCH_PATHS = (
					"$(inherited)",
					"@executable_path/Frameworks",
				);
				MARKETING_VERSION = 1.0;
				PRODUCT_BUNDLE_IDENTIFIER = co.hosseinsharifi.Karriaredagen;
				PRODUCT_NAME = "$(TARGET_NAME)";
				PROVISIONING_PROFILE_SPECIFIER = "";
				SWIFT_EMIT_LOC_STRINGS = YES;
				SWIFT_VERSION = 5.0;
				TARGETED_DEVICE_FAMILY = "1,2";
			};
			name = Debug;
		};
		0396B07B2A250194008E6CAC /* Release */ = {
			isa = XCBuildConfiguration;
			buildSettings = {
				ASSETCATALOG_COMPILER_APPICON_NAME = AppIcon;
				ASSETCATALOG_COMPILER_GLOBAL_ACCENT_COLOR_NAME = AccentColor;
				CODE_SIGN_IDENTITY = "Apple Development";
				CODE_SIGN_STYLE = Automatic;
				CURRENT_PROJECT_VERSION = 1;
				DEVELOPMENT_ASSET_PATHS = "\"Karriaredagen/Preview Content\"";
				DEVELOPMENT_TEAM = WP99484WGY;
				ENABLE_PREVIEWS = YES;
				GENERATE_INFOPLIST_FILE = YES;
				INFOPLIST_FILE = Karriaredagen/Info.plist;
				INFOPLIST_KEY_UIApplicationSceneManifest_Generation = YES;
				INFOPLIST_KEY_UIApplicationSupportsIndirectInputEvents = YES;
				INFOPLIST_KEY_UISupportedInterfaceOrientations_iPad = "UIInterfaceOrientationPortrait UIInterfaceOrientationPortraitUpsideDown UIInterfaceOrientationLandscapeLeft UIInterfaceOrientationLandscapeRight";
				INFOPLIST_KEY_UISupportedInterfaceOrientations_iPhone = "UIInterfaceOrientationPortrait UIInterfaceOrientationLandscapeLeft UIInterfaceOrientationLandscapeRight";
				LD_RUNPATH_SEARCH_PATHS = (
					"$(inherited)",
					"@executable_path/Frameworks",
				);
				MARKETING_VERSION = 1.0;
				PRODUCT_BUNDLE_IDENTIFIER = co.hosseinsharifi.Karriaredagen;
				PRODUCT_NAME = "$(TARGET_NAME)";
				PROVISIONING_PROFILE_SPECIFIER = "";
				SWIFT_EMIT_LOC_STRINGS = YES;
				SWIFT_VERSION = 5.0;
				TARGETED_DEVICE_FAMILY = "1,2";
			};
			name = Release;
		};
/* End XCBuildConfiguration section */

/* Begin XCConfigurationList section */
		0396B0662A250193008E6CAC /* Build configuration list for PBXProject "Karriaredagen" */ = {
			isa = XCConfigurationList;
			buildConfigurations = (
				0396B0772A250194008E6CAC /* Debug */,
				0396B0782A250194008E6CAC /* Release */,
			);
			defaultConfigurationIsVisible = 0;
			defaultConfigurationName = Release;
		};
		0396B0792A250194008E6CAC /* Build configuration list for PBXNativeTarget "Karriaredagen" */ = {
			isa = XCConfigurationList;
			buildConfigurations = (
				0396B07A2A250194008E6CAC /* Debug */,
				0396B07B2A250194008E6CAC /* Release */,
			);
			defaultConfigurationIsVisible = 0;
			defaultConfigurationName = Release;
		};
/* End XCConfigurationList section */
	};
	rootObject = 0396B0632A250193008E6CAC /* Project object */;
}
